// !$*UTF8*$!
{
	archiveVersion = 1;
	classes = {
	};
	objectVersion = 52;
	objects = {

/* Begin PBXBuildFile section */
		B8141C6525A47FF600C7DDEA /* PodIntensity.swift in Sources */ = {isa = PBXBuildFile; fileRef = B8141C6425A47FF600C7DDEA /* PodIntensity.swift */; };
		B8141C6825A4806000C7DDEA /* PodPrice.swift in Sources */ = {isa = PBXBuildFile; fileRef = B8141C6725A4806000C7DDEA /* PodPrice.swift */; };
		B8141C6B25A480B500C7DDEA /* PodProfile.swift in Sources */ = {isa = PBXBuildFile; fileRef = B8141C6A25A480B500C7DDEA /* PodProfile.swift */; };
		B8141C6E25A481A300C7DDEA /* PodDescription.swift in Sources */ = {isa = PBXBuildFile; fileRef = B8141C6D25A481A200C7DDEA /* PodDescription.swift */; };
		B8141C7225A4822A00C7DDEA /* PodRatings.swift in Sources */ = {isa = PBXBuildFile; fileRef = B8141C7125A4822A00C7DDEA /* PodRatings.swift */; };
		B81C85562597549500979B99 /* Collection.swift in Sources */ = {isa = PBXBuildFile; fileRef = B81C85552597549500979B99 /* Collection.swift */; };
		B81C855D2597555000979B99 /* CollectionRow.swift in Sources */ = {isa = PBXBuildFile; fileRef = B81C855C2597555000979B99 /* CollectionRow.swift */; };
		B81FA8A9259B8E1000879F24 /* SearchBar.swift in Sources */ = {isa = PBXBuildFile; fileRef = B81FA8A8259B8E1000879F24 /* SearchBar.swift */; };
		B81FA8AD259B8E7D00879F24 /* ViewControllerResolver.swift in Sources */ = {isa = PBXBuildFile; fileRef = B81FA8AC259B8E7D00879F24 /* ViewControllerResolver.swift */; };
		B8371E9125A8A67300015714 /* PodIntroduced.swift in Sources */ = {isa = PBXBuildFile; fileRef = B8371E9025A8A67300015714 /* PodIntroduced.swift */; };
		B8371E9425A8A6D300015714 /* PodLink.swift in Sources */ = {isa = PBXBuildFile; fileRef = B8371E9325A8A6D300015714 /* PodLink.swift */; };
		B8371E9825A8ABD200015714 /* PodTip.swift in Sources */ = {isa = PBXBuildFile; fileRef = B8371E9725A8ABD200015714 /* PodTip.swift */; };
		B8371E9C25A9ADA300015714 /* LogItem.swift in Sources */ = {isa = PBXBuildFile; fileRef = B8371E9B25A9ADA300015714 /* LogItem.swift */; };
		B8371EA025A9BBAE00015714 /* PodNotes.swift in Sources */ = {isa = PBXBuildFile; fileRef = B8371E9F25A9BBAE00015714 /* PodNotes.swift */; };
		B8371EA525A9E65100015714 /* Trends.swift in Sources */ = {isa = PBXBuildFile; fileRef = B8371EA425A9E65100015714 /* Trends.swift */; };
		B8371EAB25A9ECB400015714 /* TrendsEmpty.swift in Sources */ = {isa = PBXBuildFile; fileRef = B8371EAA25A9ECB400015714 /* TrendsEmpty.swift */; };
		B8371EB125A9EF9100015714 /* TrendsHistoryRow.swift in Sources */ = {isa = PBXBuildFile; fileRef = B8371EB025A9EF9100015714 /* TrendsHistoryRow.swift */; };
		B8371EB625A9F1D300015714 /* TrendsHistory.swift in Sources */ = {isa = PBXBuildFile; fileRef = B8371EB525A9F1D300015714 /* TrendsHistory.swift */; };
		B838E45125B4A45B00677917 /* FilterIntensityRow.swift in Sources */ = {isa = PBXBuildFile; fileRef = B838E45025B4A45B00677917 /* FilterIntensityRow.swift */; };
		B838E45425B4ACE400677917 /* FilterActions.swift in Sources */ = {isa = PBXBuildFile; fileRef = B838E45325B4ACE400677917 /* FilterActions.swift */; };
		B83DECFC25CCC52400C7DC48 /* TopFavouritesItem.swift in Sources */ = {isa = PBXBuildFile; fileRef = B83DECFB25CCC52400C7DC48 /* TopFavouritesItem.swift */; };
		B83DECFF25CCC5E600C7DC48 /* TopFavourites.swift in Sources */ = {isa = PBXBuildFile; fileRef = B83DECFE25CCC5E600C7DC48 /* TopFavourites.swift */; };
		B83DED0125CCC62D00C7DC48 /* TopFavouritesRow.swift in Sources */ = {isa = PBXBuildFile; fileRef = B83DED0025CCC62D00C7DC48 /* TopFavouritesRow.swift */; };
		B842901825B4CB8F0043C2DE /* FilterCup.swift in Sources */ = {isa = PBXBuildFile; fileRef = B842901725B4CB8F0043C2DE /* FilterCup.swift */; };
		B842901B25B4CC640043C2DE /* FilterCupRow.swift in Sources */ = {isa = PBXBuildFile; fileRef = B842901A25B4CC640043C2DE /* FilterCupRow.swift */; };
		B842901E25B4D1C30043C2DE /* FilterDecaffeinated.swift in Sources */ = {isa = PBXBuildFile; fileRef = B842901D25B4D1C30043C2DE /* FilterDecaffeinated.swift */; };
		B842902325B4D2D00043C2DE /* FilterDecaffeinatedRow.swift in Sources */ = {isa = PBXBuildFile; fileRef = B842902225B4D2D00043C2DE /* FilterDecaffeinatedRow.swift */; };
		B842902C25B4D6690043C2DE /* FilterAvailable.swift in Sources */ = {isa = PBXBuildFile; fileRef = B842902B25B4D6690043C2DE /* FilterAvailable.swift */; };
		B842903025B4D6730043C2DE /* FilterAvailableRow.swift in Sources */ = {isa = PBXBuildFile; fileRef = B842902F25B4D6730043C2DE /* FilterAvailableRow.swift */; };
		B842903425B4DE100043C2DE /* FilterRating.swift in Sources */ = {isa = PBXBuildFile; fileRef = B842903325B4DE100043C2DE /* FilterRating.swift */; };
		B842903725B4DE170043C2DE /* FilterRatingRow.swift in Sources */ = {isa = PBXBuildFile; fileRef = B842903625B4DE170043C2DE /* FilterRatingRow.swift */; };
		B842903A25B4DFA50043C2DE /* FilterRatingGroup.swift in Sources */ = {isa = PBXBuildFile; fileRef = B842903925B4DFA50043C2DE /* FilterRatingGroup.swift */; };
		B842903F25B6F3420043C2DE /* BrowseRecentlyAdded.swift in Sources */ = {isa = PBXBuildFile; fileRef = B842903E25B6F3420043C2DE /* BrowseRecentlyAdded.swift */; };
		B842904625B7685E0043C2DE /* FirebaseAnalytics in Frameworks */ = {isa = PBXBuildFile; productRef = B842904525B7685E0043C2DE /* FirebaseAnalytics */; };
		B842904825B7685E0043C2DE /* FirebaseFirestoreSwift-Beta in Frameworks */ = {isa = PBXBuildFile; productRef = B842904725B7685E0043C2DE /* FirebaseFirestoreSwift-Beta */; };
		B842904A25B7685E0043C2DE /* FirebaseStorage in Frameworks */ = {isa = PBXBuildFile; productRef = B842904925B7685E0043C2DE /* FirebaseStorage */; };
		B842904C25B7685E0043C2DE /* FirebaseAuth in Frameworks */ = {isa = PBXBuildFile; productRef = B842904B25B7685E0043C2DE /* FirebaseAuth */; };
		B842904E25B7685E0043C2DE /* FirebaseFirestore in Frameworks */ = {isa = PBXBuildFile; productRef = B842904D25B7685E0043C2DE /* FirebaseFirestore */; };
		B842905025B7685E0043C2DE /* FirebaseStorageSwift-Beta in Frameworks */ = {isa = PBXBuildFile; productRef = B842904F25B7685E0043C2DE /* FirebaseStorageSwift-Beta */; };
		B842905325B76C1B0043C2DE /* Analytics.swift in Sources */ = {isa = PBXBuildFile; fileRef = B842905225B76C1B0043C2DE /* Analytics.swift */; };
		B84CDC3525C090C50004A659 /* Localizable.strings in Resources */ = {isa = PBXBuildFile; fileRef = B84CDC3725C090C50004A659 /* Localizable.strings */; };
		B84ECB45259A316E00B305F7 /* Brand.swift in Sources */ = {isa = PBXBuildFile; fileRef = B84ECB44259A316E00B305F7 /* Brand.swift */; };
		B84ECB49259A31DE00B305F7 /* BrandRepository.swift in Sources */ = {isa = PBXBuildFile; fileRef = B84ECB48259A31DE00B305F7 /* BrandRepository.swift */; };
		B84ECB4C259A325A00B305F7 /* BrowseViewModel.swift in Sources */ = {isa = PBXBuildFile; fileRef = B84ECB4B259A325A00B305F7 /* BrowseViewModel.swift */; };
		B84F7C1125C9EF0500BF81ED /* Featured.swift in Sources */ = {isa = PBXBuildFile; fileRef = B84F7C1025C9EF0500BF81ED /* Featured.swift */; };
		B84F7C1425C9F2BD00BF81ED /* FeaturedGrid.swift in Sources */ = {isa = PBXBuildFile; fileRef = B84F7C1325C9F2BD00BF81ED /* FeaturedGrid.swift */; };
		B84F7C1725C9F32700BF81ED /* FeaturedRow.swift in Sources */ = {isa = PBXBuildFile; fileRef = B84F7C1625C9F32700BF81ED /* FeaturedRow.swift */; };
		B84F7C1A25C9F6F400BF81ED /* FeaturedConfig.swift in Sources */ = {isa = PBXBuildFile; fileRef = B84F7C1925C9F6F400BF81ED /* FeaturedConfig.swift */; };
		B872618025D0093100C6B9C0 /* StoreManager.swift in Sources */ = {isa = PBXBuildFile; fileRef = B872617F25D0093100C6B9C0 /* StoreManager.swift */; };
		B872618325D00E1D00C6B9C0 /* PlusView.swift in Sources */ = {isa = PBXBuildFile; fileRef = B872618225D00E1D00C6B9C0 /* PlusView.swift */; };
		B8727ADB25C3580C006B3BE5 /* FirebaseRemoteConfig in Frameworks */ = {isa = PBXBuildFile; productRef = B8727ADA25C3580C006B3BE5 /* FirebaseRemoteConfig */; };
		B8727ADD25C358A1006B3BE5 /* RemoteConfig.swift in Sources */ = {isa = PBXBuildFile; fileRef = B8727ADC25C358A1006B3BE5 /* RemoteConfig.swift */; };
		B877493525C6F4EE0052B1B7 /* BrowseSection.swift in Sources */ = {isa = PBXBuildFile; fileRef = B877493425C6F4EE0052B1B7 /* BrowseSection.swift */; };
		B879477425C5BE4800BC3C22 /* MostPopularItem.swift in Sources */ = {isa = PBXBuildFile; fileRef = B879477325C5BE4800BC3C22 /* MostPopularItem.swift */; };
		B879477D25C5CEEF00BC3C22 /* MostPopular.swift in Sources */ = {isa = PBXBuildFile; fileRef = B879477C25C5CEEF00BC3C22 /* MostPopular.swift */; };
		B879478025C5D0BF00BC3C22 /* MostPopularRow.swift in Sources */ = {isa = PBXBuildFile; fileRef = B879477F25C5D0BF00BC3C22 /* MostPopularRow.swift */; };
		B879478525C6AB9700BC3C22 /* Explore.swift in Sources */ = {isa = PBXBuildFile; fileRef = B879478425C6AB9700BC3C22 /* Explore.swift */; };
		B879478925C6B15600BC3C22 /* ContentViewModel.swift in Sources */ = {isa = PBXBuildFile; fileRef = B879478825C6B15600BC3C22 /* ContentViewModel.swift */; };
		B879478C25C6B22200BC3C22 /* ExploreLinks.swift in Sources */ = {isa = PBXBuildFile; fileRef = B879478B25C6B22200BC3C22 /* ExploreLinks.swift */; };
		B879479025C6B40300BC3C22 /* EnvironmentValues.swift in Sources */ = {isa = PBXBuildFile; fileRef = B879478F25C6B40300BC3C22 /* EnvironmentValues.swift */; };
		B879479525C6C61C00BC3C22 /* PodView.swift in Sources */ = {isa = PBXBuildFile; fileRef = B879479425C6C61C00BC3C22 /* PodView.swift */; };
		B87947A625C6E75B00BC3C22 /* Browse.swift in Sources */ = {isa = PBXBuildFile; fileRef = B87947A525C6E75B00BC3C22 /* Browse.swift */; };
		B87947AB25C6E96300BC3C22 /* BrowsePicker.swift in Sources */ = {isa = PBXBuildFile; fileRef = B87947AA25C6E96300BC3C22 /* BrowsePicker.swift */; };
		B87947AE25C6EE7B00BC3C22 /* BrowseGrid.swift in Sources */ = {isa = PBXBuildFile; fileRef = B87947AD25C6EE7B00BC3C22 /* BrowseGrid.swift */; };
		B87947B125C6EFCF00BC3C22 /* BrowseRow.swift in Sources */ = {isa = PBXBuildFile; fileRef = B87947B025C6EFCF00BC3C22 /* BrowseRow.swift */; };
		B87AEF312598BA6700D53854 /* Decaffeinated.swift in Sources */ = {isa = PBXBuildFile; fileRef = B87AEF302598BA6600D53854 /* Decaffeinated.swift */; };
		B87FFBD625A5F90900D7EB61 /* LogCup.swift in Sources */ = {isa = PBXBuildFile; fileRef = B87FFBD525A5F90900D7EB61 /* LogCup.swift */; };
		B87FFBDA25A5F9B100D7EB61 /* LogCupRow.swift in Sources */ = {isa = PBXBuildFile; fileRef = B87FFBD925A5F9B100D7EB61 /* LogCupRow.swift */; };
		B87FFBDD25A5FA3300D7EB61 /* Array.swift in Sources */ = {isa = PBXBuildFile; fileRef = B87FFBDC25A5FA3300D7EB61 /* Array.swift */; };
		B87FFBE125A6309100D7EB61 /* LogCaffeine.swift in Sources */ = {isa = PBXBuildFile; fileRef = B87FFBE025A6309000D7EB61 /* LogCaffeine.swift */; };
		B87FFBE525A66BDD00D7EB61 /* HealthKit.framework in Frameworks */ = {isa = PBXBuildFile; fileRef = B87FFBE425A66BDD00D7EB61 /* HealthKit.framework */; };
		B87FFBE725A66DC100D7EB61 /* HealthKit.swift in Sources */ = {isa = PBXBuildFile; fileRef = B87FFBE625A66DC100D7EB61 /* HealthKit.swift */; };
		B888D0F025A36FF400F1F0A7 /* PodScale.swift in Sources */ = {isa = PBXBuildFile; fileRef = B888D0EF25A36FF400F1F0A7 /* PodScale.swift */; };
		B888D0F825A47EE000F1F0A7 /* PodOrigin.swift in Sources */ = {isa = PBXBuildFile; fileRef = B888D0F725A47EE000F1F0A7 /* PodOrigin.swift */; };
		B89C7E85259A0FCB0009C797 /* CollectionEmpty.swift in Sources */ = {isa = PBXBuildFile; fileRef = B89C7E84259A0FCB0009C797 /* CollectionEmpty.swift */; };
		B8A3265025CD6E730052D05B /* CodeScanner in Frameworks */ = {isa = PBXBuildFile; productRef = B8A3264F25CD6E730052D05B /* CodeScanner */; };
		B8A3265325CD6F270052D05B /* ScannerView.swift in Sources */ = {isa = PBXBuildFile; fileRef = B8A3265225CD6F270052D05B /* ScannerView.swift */; };
		B8A3265525CDBD9C0052D05B /* ScannerClose.swift in Sources */ = {isa = PBXBuildFile; fileRef = B8A3265425CDBD9C0052D05B /* ScannerClose.swift */; };
		B8AD7A6C25A505E700E31165 /* LogView.swift in Sources */ = {isa = PBXBuildFile; fileRef = B8AD7A6B25A505E700E31165 /* LogView.swift */; };
		B8AD7A7425A517E200E31165 /* LogPod.swift in Sources */ = {isa = PBXBuildFile; fileRef = B8AD7A7325A517E200E31165 /* LogPod.swift */; };
		B8AD7A7A25A5181100E31165 /* LogPodRow.swift in Sources */ = {isa = PBXBuildFile; fileRef = B8AD7A7925A5181100E31165 /* LogPodRow.swift */; };
		B8B21E882593A028007CD67C /* AppDelegate.swift in Sources */ = {isa = PBXBuildFile; fileRef = B8B21E872593A028007CD67C /* AppDelegate.swift */; };
		B8B21E8A2593A028007CD67C /* SceneDelegate.swift in Sources */ = {isa = PBXBuildFile; fileRef = B8B21E892593A028007CD67C /* SceneDelegate.swift */; };
		B8B21E8C2593A028007CD67C /* ContentView.swift in Sources */ = {isa = PBXBuildFile; fileRef = B8B21E8B2593A028007CD67C /* ContentView.swift */; };
		B8B21E8E2593A029007CD67C /* Assets.xcassets in Resources */ = {isa = PBXBuildFile; fileRef = B8B21E8D2593A029007CD67C /* Assets.xcassets */; };
		B8B21E912593A029007CD67C /* Preview Assets.xcassets in Resources */ = {isa = PBXBuildFile; fileRef = B8B21E902593A029007CD67C /* Preview Assets.xcassets */; };
		B8B21E942593A029007CD67C /* LaunchScreen.storyboard in Resources */ = {isa = PBXBuildFile; fileRef = B8B21E922593A029007CD67C /* LaunchScreen.storyboard */; };
		B8B21EA92593AC26007CD67C /* Pod.swift in Sources */ = {isa = PBXBuildFile; fileRef = B8B21EA82593AC26007CD67C /* Pod.swift */; };
		B8B21EB62593CCF2007CD67C /* Resolver in Frameworks */ = {isa = PBXBuildFile; productRef = B8B21EB52593CCF2007CD67C /* Resolver */; };
		B8B21EB92593CD34007CD67C /* Resolver.swift in Sources */ = {isa = PBXBuildFile; fileRef = B8B21EB82593CD34007CD67C /* Resolver.swift */; };
		B8B33D2B259CD74100E22EC6 /* Category.swift in Sources */ = {isa = PBXBuildFile; fileRef = B8B33D2A259CD74100E22EC6 /* Category.swift */; };
		B8B33D2E259CDA3300E22EC6 /* CategoryRepository.swift in Sources */ = {isa = PBXBuildFile; fileRef = B8B33D2D259CDA3300E22EC6 /* CategoryRepository.swift */; };
		B8B9EFED25B49C0400FA5DBF /* BrowseFilter.swift in Sources */ = {isa = PBXBuildFile; fileRef = B8B9EFEC25B49C0400FA5DBF /* BrowseFilter.swift */; };
		B8B9EFF425B49F7D00FA5DBF /* FilterView.swift in Sources */ = {isa = PBXBuildFile; fileRef = B8B9EFF325B49F7D00FA5DBF /* FilterView.swift */; };
		B8B9F00225B4A2D200FA5DBF /* FilterIntensity.swift in Sources */ = {isa = PBXBuildFile; fileRef = B8B9F00125B4A2D200FA5DBF /* FilterIntensity.swift */; };
		B8C334FF25A79C97007F7394 /* LogActions.swift in Sources */ = {isa = PBXBuildFile; fileRef = B8C334FE25A79C97007F7394 /* LogActions.swift */; };
		B8C3350425A79D3B007F7394 /* LogButton.swift in Sources */ = {isa = PBXBuildFile; fileRef = B8C3350325A79D3B007F7394 /* LogButton.swift */; };
		B8C3905725CB132700C8C058 /* FeaturedTag.swift in Sources */ = {isa = PBXBuildFile; fileRef = B8C3905625CB132700C8C058 /* FeaturedTag.swift */; };
		B8C3905925CB13CD00C8C058 /* FeaturedButton.swift in Sources */ = {isa = PBXBuildFile; fileRef = B8C3905825CB13CD00C8C058 /* FeaturedButton.swift */; };
		B8C3905B25CB171000C8C058 /* ExploreLink.swift in Sources */ = {isa = PBXBuildFile; fileRef = B8C3905A25CB171000C8C058 /* ExploreLink.swift */; };
		B8CC733725A30F50007E59DC /* FavouritesView.swift in Sources */ = {isa = PBXBuildFile; fileRef = B8CC733625A30F50007E59DC /* FavouritesView.swift */; };
		B8D279322593E18A00C65FAD /* GoogleService-Info.plist in Resources */ = {isa = PBXBuildFile; fileRef = B8D279312593E18A00C65FAD /* GoogleService-Info.plist */; };
		B8D279392593E47100C65FAD /* Color.swift in Sources */ = {isa = PBXBuildFile; fileRef = B8D279382593E47100C65FAD /* Color.swift */; };
		B8D279622594B5DC00C65FAD /* PodRepository.swift in Sources */ = {isa = PBXBuildFile; fileRef = B8D279612594B5DC00C65FAD /* PodRepository.swift */; };
		B8D7682525A07CAC00790F79 /* MailView.swift in Sources */ = {isa = PBXBuildFile; fileRef = B8D7682425A07CAC00790F79 /* MailView.swift */; };
		B8D7682825A08E1000790F79 /* VisualEffectView.swift in Sources */ = {isa = PBXBuildFile; fileRef = B8D7682725A08E1000790F79 /* VisualEffectView.swift */; };
		B8D7683125A0DEB500790F79 /* PodTag.swift in Sources */ = {isa = PBXBuildFile; fileRef = B8D7683025A0DEB500790F79 /* PodTag.swift */; };
		B8D7683425A0EDB600790F79 /* WelcomeView.swift in Sources */ = {isa = PBXBuildFile; fileRef = B8D7683325A0EDB500790F79 /* WelcomeView.swift */; };
		B8D7683825A1001600790F79 /* WelcomeItem.swift in Sources */ = {isa = PBXBuildFile; fileRef = B8D7683725A1001600790F79 /* WelcomeItem.swift */; };
		B8D93CDA25A9FB8200E0EC6E /* TrendsCharts.swift in Sources */ = {isa = PBXBuildFile; fileRef = B8D93CD925A9FB8200E0EC6E /* TrendsCharts.swift */; };
		B8D93CDF25AA053400E0EC6E /* Settings.swift in Sources */ = {isa = PBXBuildFile; fileRef = B8D93CDE25AA053400E0EC6E /* Settings.swift */; };
		B8D93CE325AAFBCE00E0EC6E /* String.swift in Sources */ = {isa = PBXBuildFile; fileRef = B8D93CE225AAFBCE00E0EC6E /* String.swift */; };
		B8D93CE725AAFD2A00E0EC6E /* LogEmpty.swift in Sources */ = {isa = PBXBuildFile; fileRef = B8D93CE625AAFD2A00E0EC6E /* LogEmpty.swift */; };
		B8D93CEF25AC78AE00E0EC6E /* BrowseRequest.swift in Sources */ = {isa = PBXBuildFile; fileRef = B8D93CEE25AC78AE00E0EC6E /* BrowseRequest.swift */; };
		B8D93CF225ACF82600E0EC6E /* PodCaffeine.swift in Sources */ = {isa = PBXBuildFile; fileRef = B8D93CF125ACF82600E0EC6E /* PodCaffeine.swift */; };
		B8D93CF725AF663800E0EC6E /* PodAmazon.swift in Sources */ = {isa = PBXBuildFile; fileRef = B8D93CF625AF663700E0EC6E /* PodAmazon.swift */; };
		B8DA62ED25973D1A00074297 /* CloudKit.framework in Frameworks */ = {isa = PBXBuildFile; fileRef = B8DA62EC25973D1A00074297 /* CloudKit.framework */; };
		B8DA62F125973F1100074297 /* Pod.xcdatamodeld in Sources */ = {isa = PBXBuildFile; fileRef = B8DA62EF25973F1100074297 /* Pod.xcdatamodeld */; };
		B8DA62F52597431000074297 /* CollectionItem.swift in Sources */ = {isa = PBXBuildFile; fileRef = B8DA62F42597431000074297 /* CollectionItem.swift */; };
		B8DC4B62259DF555000EB3C5 /* PodField.swift in Sources */ = {isa = PBXBuildFile; fileRef = B8DC4B61259DF555000EB3C5 /* PodField.swift */; };
		B8DC4B6E259E17D0000EB3C5 /* Introspect in Frameworks */ = {isa = PBXBuildFile; productRef = B8DC4B6D259E17D0000EB3C5 /* Introspect */; };
		B8DC4B76259F7883000EB3C5 /* PodDetail.swift in Sources */ = {isa = PBXBuildFile; fileRef = B8DC4B75259F7883000EB3C5 /* PodDetail.swift */; };
		B8DC4B79259F790C000EB3C5 /* PodTitle.swift in Sources */ = {isa = PBXBuildFile; fileRef = B8DC4B78259F790C000EB3C5 /* PodTitle.swift */; };
		B8EE27AE25A486AF00E3176F /* PodReport.swift in Sources */ = {isa = PBXBuildFile; fileRef = B8EE27AD25A486AF00E3176F /* PodReport.swift */; };
		B8EE27B125A48AC600E3176F /* PodFavourite.swift in Sources */ = {isa = PBXBuildFile; fileRef = B8EE27B025A48AC600E3176F /* PodFavourite.swift */; };
		B8EE27B525A48B2000E3176F /* PodCollection.swift in Sources */ = {isa = PBXBuildFile; fileRef = B8EE27B425A48B2000E3176F /* PodCollection.swift */; };
		B8EE27B925A48BA400E3176F /* PodTags.swift in Sources */ = {isa = PBXBuildFile; fileRef = B8EE27B825A48BA400E3176F /* PodTags.swift */; };
		B8EE27BC25A4906100E3176F /* PodClose.swift in Sources */ = {isa = PBXBuildFile; fileRef = B8EE27BB25A4906100E3176F /* PodClose.swift */; };
		B8EE27C225A493B500E3176F /* FavouritesEmpty.swift in Sources */ = {isa = PBXBuildFile; fileRef = B8EE27C125A493B500E3176F /* FavouritesEmpty.swift */; };
		B8EE27C725A4941800E3176F /* FavouritesRow.swift in Sources */ = {isa = PBXBuildFile; fileRef = B8EE27C625A4941800E3176F /* FavouritesRow.swift */; };
		B8EE27DE25A498BB00E3176F /* FSLucasPro-Bold.ttf in Resources */ = {isa = PBXBuildFile; fileRef = B8EE27CC25A498BA00E3176F /* FSLucasPro-Bold.ttf */; };
		B8EE27E525A498BB00E3176F /* FSLucasPro-SemiBd.ttf in Resources */ = {isa = PBXBuildFile; fileRef = B8EE27D325A498BB00E3176F /* FSLucasPro-SemiBd.ttf */; };
		B8EE27E625A498BB00E3176F /* FSLucasPro-Med.ttf in Resources */ = {isa = PBXBuildFile; fileRef = B8EE27D425A498BB00E3176F /* FSLucasPro-Med.ttf */; };
		B8EE27F425A4AC8100E3176F /* PodQuantity.swift in Sources */ = {isa = PBXBuildFile; fileRef = B8EE27F325A4AC8100E3176F /* PodQuantity.swift */; };
		B8EE27F725A4CEB400E3176F /* LogCTA.swift in Sources */ = {isa = PBXBuildFile; fileRef = B8EE27F625A4CEB400E3176F /* LogCTA.swift */; };
		B8EE27FA25A4DD9D00E3176F /* UIDevice.swift in Sources */ = {isa = PBXBuildFile; fileRef = B8EE27F925A4DD9D00E3176F /* UIDevice.swift */; };
		B8F3D2C4259B62C50092744D /* FetchImage.swift in Sources */ = {isa = PBXBuildFile; fileRef = B8F3D2C3259B62C50092744D /* FetchImage.swift */; };
/* End PBXBuildFile section */

/* Begin PBXFileReference section */
		B8141C6425A47FF600C7DDEA /* PodIntensity.swift */ = {isa = PBXFileReference; lastKnownFileType = sourcecode.swift; path = PodIntensity.swift; sourceTree = "<group>"; };
		B8141C6725A4806000C7DDEA /* PodPrice.swift */ = {isa = PBXFileReference; lastKnownFileType = sourcecode.swift; path = PodPrice.swift; sourceTree = "<group>"; };
		B8141C6A25A480B500C7DDEA /* PodProfile.swift */ = {isa = PBXFileReference; lastKnownFileType = sourcecode.swift; path = PodProfile.swift; sourceTree = "<group>"; };
		B8141C6D25A481A200C7DDEA /* PodDescription.swift */ = {isa = PBXFileReference; lastKnownFileType = sourcecode.swift; path = PodDescription.swift; sourceTree = "<group>"; };
		B8141C7125A4822A00C7DDEA /* PodRatings.swift */ = {isa = PBXFileReference; lastKnownFileType = sourcecode.swift; path = PodRatings.swift; sourceTree = "<group>"; };
		B81C85552597549500979B99 /* Collection.swift */ = {isa = PBXFileReference; lastKnownFileType = sourcecode.swift; path = Collection.swift; sourceTree = "<group>"; };
		B81C855C2597555000979B99 /* CollectionRow.swift */ = {isa = PBXFileReference; lastKnownFileType = sourcecode.swift; path = CollectionRow.swift; sourceTree = "<group>"; };
		B81FA8A8259B8E1000879F24 /* SearchBar.swift */ = {isa = PBXFileReference; lastKnownFileType = sourcecode.swift; path = SearchBar.swift; sourceTree = "<group>"; };
		B81FA8AC259B8E7D00879F24 /* ViewControllerResolver.swift */ = {isa = PBXFileReference; lastKnownFileType = sourcecode.swift; path = ViewControllerResolver.swift; sourceTree = "<group>"; };
		B8371E9025A8A67300015714 /* PodIntroduced.swift */ = {isa = PBXFileReference; lastKnownFileType = sourcecode.swift; path = PodIntroduced.swift; sourceTree = "<group>"; };
		B8371E9325A8A6D300015714 /* PodLink.swift */ = {isa = PBXFileReference; lastKnownFileType = sourcecode.swift; path = PodLink.swift; sourceTree = "<group>"; };
		B8371E9725A8ABD200015714 /* PodTip.swift */ = {isa = PBXFileReference; lastKnownFileType = sourcecode.swift; path = PodTip.swift; sourceTree = "<group>"; };
		B8371E9B25A9ADA300015714 /* LogItem.swift */ = {isa = PBXFileReference; lastKnownFileType = sourcecode.swift; path = LogItem.swift; sourceTree = "<group>"; };
		B8371E9F25A9BBAE00015714 /* PodNotes.swift */ = {isa = PBXFileReference; lastKnownFileType = sourcecode.swift; path = PodNotes.swift; sourceTree = "<group>"; };
		B8371EA425A9E65100015714 /* Trends.swift */ = {isa = PBXFileReference; lastKnownFileType = sourcecode.swift; path = Trends.swift; sourceTree = "<group>"; };
		B8371EAA25A9ECB400015714 /* TrendsEmpty.swift */ = {isa = PBXFileReference; lastKnownFileType = sourcecode.swift; path = TrendsEmpty.swift; sourceTree = "<group>"; };
		B8371EB025A9EF9100015714 /* TrendsHistoryRow.swift */ = {isa = PBXFileReference; lastKnownFileType = sourcecode.swift; path = TrendsHistoryRow.swift; sourceTree = "<group>"; };
		B8371EB525A9F1D300015714 /* TrendsHistory.swift */ = {isa = PBXFileReference; lastKnownFileType = sourcecode.swift; path = TrendsHistory.swift; sourceTree = "<group>"; };
		B838E45025B4A45B00677917 /* FilterIntensityRow.swift */ = {isa = PBXFileReference; lastKnownFileType = sourcecode.swift; path = FilterIntensityRow.swift; sourceTree = "<group>"; };
		B838E45325B4ACE400677917 /* FilterActions.swift */ = {isa = PBXFileReference; lastKnownFileType = sourcecode.swift; path = FilterActions.swift; sourceTree = "<group>"; };
		B83DECFB25CCC52400C7DC48 /* TopFavouritesItem.swift */ = {isa = PBXFileReference; lastKnownFileType = sourcecode.swift; path = TopFavouritesItem.swift; sourceTree = "<group>"; };
		B83DECFE25CCC5E600C7DC48 /* TopFavourites.swift */ = {isa = PBXFileReference; lastKnownFileType = sourcecode.swift; path = TopFavourites.swift; sourceTree = "<group>"; };
		B83DED0025CCC62D00C7DC48 /* TopFavouritesRow.swift */ = {isa = PBXFileReference; lastKnownFileType = sourcecode.swift; path = TopFavouritesRow.swift; sourceTree = "<group>"; };
		B842901725B4CB8F0043C2DE /* FilterCup.swift */ = {isa = PBXFileReference; lastKnownFileType = sourcecode.swift; path = FilterCup.swift; sourceTree = "<group>"; };
		B842901A25B4CC640043C2DE /* FilterCupRow.swift */ = {isa = PBXFileReference; lastKnownFileType = sourcecode.swift; path = FilterCupRow.swift; sourceTree = "<group>"; };
		B842901D25B4D1C30043C2DE /* FilterDecaffeinated.swift */ = {isa = PBXFileReference; lastKnownFileType = sourcecode.swift; path = FilterDecaffeinated.swift; sourceTree = "<group>"; };
		B842902225B4D2D00043C2DE /* FilterDecaffeinatedRow.swift */ = {isa = PBXFileReference; lastKnownFileType = sourcecode.swift; path = FilterDecaffeinatedRow.swift; sourceTree = "<group>"; };
		B842902B25B4D6690043C2DE /* FilterAvailable.swift */ = {isa = PBXFileReference; lastKnownFileType = sourcecode.swift; path = FilterAvailable.swift; sourceTree = "<group>"; };
		B842902F25B4D6730043C2DE /* FilterAvailableRow.swift */ = {isa = PBXFileReference; lastKnownFileType = sourcecode.swift; path = FilterAvailableRow.swift; sourceTree = "<group>"; };
		B842903325B4DE100043C2DE /* FilterRating.swift */ = {isa = PBXFileReference; lastKnownFileType = sourcecode.swift; path = FilterRating.swift; sourceTree = "<group>"; };
		B842903625B4DE170043C2DE /* FilterRatingRow.swift */ = {isa = PBXFileReference; lastKnownFileType = sourcecode.swift; path = FilterRatingRow.swift; sourceTree = "<group>"; };
		B842903925B4DFA50043C2DE /* FilterRatingGroup.swift */ = {isa = PBXFileReference; lastKnownFileType = sourcecode.swift; path = FilterRatingGroup.swift; sourceTree = "<group>"; };
		B842903E25B6F3420043C2DE /* BrowseRecentlyAdded.swift */ = {isa = PBXFileReference; lastKnownFileType = sourcecode.swift; path = BrowseRecentlyAdded.swift; sourceTree = "<group>"; };
		B842905225B76C1B0043C2DE /* Analytics.swift */ = {isa = PBXFileReference; lastKnownFileType = sourcecode.swift; path = Analytics.swift; sourceTree = "<group>"; };
		B84CDC3625C090C50004A659 /* en */ = {isa = PBXFileReference; lastKnownFileType = text.plist.strings; name = en; path = en.lproj/Localizable.strings; sourceTree = "<group>"; };
		B84CDC3C25C0918A0004A659 /* en-GB */ = {isa = PBXFileReference; lastKnownFileType = text.plist.strings; name = "en-GB"; path = "en-GB.lproj/Localizable.strings"; sourceTree = "<group>"; };
		B84ECB44259A316E00B305F7 /* Brand.swift */ = {isa = PBXFileReference; lastKnownFileType = sourcecode.swift; path = Brand.swift; sourceTree = "<group>"; };
		B84ECB48259A31DE00B305F7 /* BrandRepository.swift */ = {isa = PBXFileReference; lastKnownFileType = sourcecode.swift; path = BrandRepository.swift; sourceTree = "<group>"; };
		B84ECB4B259A325A00B305F7 /* BrowseViewModel.swift */ = {isa = PBXFileReference; lastKnownFileType = sourcecode.swift; path = BrowseViewModel.swift; sourceTree = "<group>"; };
		B84F7C1025C9EF0500BF81ED /* Featured.swift */ = {isa = PBXFileReference; lastKnownFileType = sourcecode.swift; path = Featured.swift; sourceTree = "<group>"; };
		B84F7C1325C9F2BD00BF81ED /* FeaturedGrid.swift */ = {isa = PBXFileReference; lastKnownFileType = sourcecode.swift; path = FeaturedGrid.swift; sourceTree = "<group>"; };
		B84F7C1625C9F32700BF81ED /* FeaturedRow.swift */ = {isa = PBXFileReference; lastKnownFileType = sourcecode.swift; path = FeaturedRow.swift; sourceTree = "<group>"; };
		B84F7C1925C9F6F400BF81ED /* FeaturedConfig.swift */ = {isa = PBXFileReference; lastKnownFileType = sourcecode.swift; path = FeaturedConfig.swift; sourceTree = "<group>"; };
		B872617F25D0093100C6B9C0 /* StoreManager.swift */ = {isa = PBXFileReference; lastKnownFileType = sourcecode.swift; path = StoreManager.swift; sourceTree = "<group>"; };
		B872618225D00E1D00C6B9C0 /* PlusView.swift */ = {isa = PBXFileReference; lastKnownFileType = sourcecode.swift; path = PlusView.swift; sourceTree = "<group>"; };
		B8727ADC25C358A1006B3BE5 /* RemoteConfig.swift */ = {isa = PBXFileReference; lastKnownFileType = sourcecode.swift; path = RemoteConfig.swift; sourceTree = "<group>"; };
		B877493425C6F4EE0052B1B7 /* BrowseSection.swift */ = {isa = PBXFileReference; lastKnownFileType = sourcecode.swift; path = BrowseSection.swift; sourceTree = "<group>"; };
		B879477325C5BE4800BC3C22 /* MostPopularItem.swift */ = {isa = PBXFileReference; lastKnownFileType = sourcecode.swift; path = MostPopularItem.swift; sourceTree = "<group>"; };
		B879477C25C5CEEF00BC3C22 /* MostPopular.swift */ = {isa = PBXFileReference; lastKnownFileType = sourcecode.swift; path = MostPopular.swift; sourceTree = "<group>"; };
		B879477F25C5D0BF00BC3C22 /* MostPopularRow.swift */ = {isa = PBXFileReference; lastKnownFileType = sourcecode.swift; path = MostPopularRow.swift; sourceTree = "<group>"; };
		B879478425C6AB9700BC3C22 /* Explore.swift */ = {isa = PBXFileReference; lastKnownFileType = sourcecode.swift; path = Explore.swift; sourceTree = "<group>"; };
		B879478825C6B15600BC3C22 /* ContentViewModel.swift */ = {isa = PBXFileReference; lastKnownFileType = sourcecode.swift; path = ContentViewModel.swift; sourceTree = "<group>"; };
		B879478B25C6B22200BC3C22 /* ExploreLinks.swift */ = {isa = PBXFileReference; lastKnownFileType = sourcecode.swift; path = ExploreLinks.swift; sourceTree = "<group>"; };
		B879478F25C6B40300BC3C22 /* EnvironmentValues.swift */ = {isa = PBXFileReference; lastKnownFileType = sourcecode.swift; path = EnvironmentValues.swift; sourceTree = "<group>"; };
		B879479425C6C61C00BC3C22 /* PodView.swift */ = {isa = PBXFileReference; lastKnownFileType = sourcecode.swift; path = PodView.swift; sourceTree = "<group>"; };
		B87947A525C6E75B00BC3C22 /* Browse.swift */ = {isa = PBXFileReference; lastKnownFileType = sourcecode.swift; path = Browse.swift; sourceTree = "<group>"; };
		B87947AA25C6E96300BC3C22 /* BrowsePicker.swift */ = {isa = PBXFileReference; lastKnownFileType = sourcecode.swift; path = BrowsePicker.swift; sourceTree = "<group>"; };
		B87947AD25C6EE7B00BC3C22 /* BrowseGrid.swift */ = {isa = PBXFileReference; lastKnownFileType = sourcecode.swift; path = BrowseGrid.swift; sourceTree = "<group>"; };
		B87947B025C6EFCF00BC3C22 /* BrowseRow.swift */ = {isa = PBXFileReference; lastKnownFileType = sourcecode.swift; path = BrowseRow.swift; sourceTree = "<group>"; };
		B87AEF302598BA6600D53854 /* Decaffeinated.swift */ = {isa = PBXFileReference; lastKnownFileType = sourcecode.swift; path = Decaffeinated.swift; sourceTree = "<group>"; };
		B87FFBD525A5F90900D7EB61 /* LogCup.swift */ = {isa = PBXFileReference; lastKnownFileType = sourcecode.swift; path = LogCup.swift; sourceTree = "<group>"; };
		B87FFBD925A5F9B100D7EB61 /* LogCupRow.swift */ = {isa = PBXFileReference; lastKnownFileType = sourcecode.swift; path = LogCupRow.swift; sourceTree = "<group>"; };
		B87FFBDC25A5FA3300D7EB61 /* Array.swift */ = {isa = PBXFileReference; lastKnownFileType = sourcecode.swift; path = Array.swift; sourceTree = "<group>"; };
		B87FFBE025A6309000D7EB61 /* LogCaffeine.swift */ = {isa = PBXFileReference; lastKnownFileType = sourcecode.swift; path = LogCaffeine.swift; sourceTree = "<group>"; };
		B87FFBE425A66BDD00D7EB61 /* HealthKit.framework */ = {isa = PBXFileReference; lastKnownFileType = wrapper.framework; name = HealthKit.framework; path = System/Library/Frameworks/HealthKit.framework; sourceTree = SDKROOT; };
		B87FFBE625A66DC100D7EB61 /* HealthKit.swift */ = {isa = PBXFileReference; lastKnownFileType = sourcecode.swift; path = HealthKit.swift; sourceTree = "<group>"; };
		B888D0EF25A36FF400F1F0A7 /* PodScale.swift */ = {isa = PBXFileReference; lastKnownFileType = sourcecode.swift; path = PodScale.swift; sourceTree = "<group>"; };
		B888D0F725A47EE000F1F0A7 /* PodOrigin.swift */ = {isa = PBXFileReference; lastKnownFileType = sourcecode.swift; path = PodOrigin.swift; sourceTree = "<group>"; };
		B89C7E84259A0FCB0009C797 /* CollectionEmpty.swift */ = {isa = PBXFileReference; lastKnownFileType = sourcecode.swift; path = CollectionEmpty.swift; sourceTree = "<group>"; };
		B8A3265225CD6F270052D05B /* ScannerView.swift */ = {isa = PBXFileReference; lastKnownFileType = sourcecode.swift; path = ScannerView.swift; sourceTree = "<group>"; };
		B8A3265425CDBD9C0052D05B /* ScannerClose.swift */ = {isa = PBXFileReference; lastKnownFileType = sourcecode.swift; path = ScannerClose.swift; sourceTree = "<group>"; };
		B8AD7A6B25A505E700E31165 /* LogView.swift */ = {isa = PBXFileReference; lastKnownFileType = sourcecode.swift; path = LogView.swift; sourceTree = "<group>"; };
		B8AD7A7325A517E200E31165 /* LogPod.swift */ = {isa = PBXFileReference; lastKnownFileType = sourcecode.swift; path = LogPod.swift; sourceTree = "<group>"; };
		B8AD7A7925A5181100E31165 /* LogPodRow.swift */ = {isa = PBXFileReference; lastKnownFileType = sourcecode.swift; path = LogPodRow.swift; sourceTree = "<group>"; };
		B8B21E842593A028007CD67C /* Pod.app */ = {isa = PBXFileReference; explicitFileType = wrapper.application; includeInIndex = 0; path = Pod.app; sourceTree = BUILT_PRODUCTS_DIR; };
		B8B21E872593A028007CD67C /* AppDelegate.swift */ = {isa = PBXFileReference; lastKnownFileType = sourcecode.swift; path = AppDelegate.swift; sourceTree = "<group>"; };
		B8B21E892593A028007CD67C /* SceneDelegate.swift */ = {isa = PBXFileReference; lastKnownFileType = sourcecode.swift; path = SceneDelegate.swift; sourceTree = "<group>"; };
		B8B21E8B2593A028007CD67C /* ContentView.swift */ = {isa = PBXFileReference; lastKnownFileType = sourcecode.swift; path = ContentView.swift; sourceTree = "<group>"; };
		B8B21E8D2593A029007CD67C /* Assets.xcassets */ = {isa = PBXFileReference; lastKnownFileType = folder.assetcatalog; path = Assets.xcassets; sourceTree = "<group>"; };
		B8B21E902593A029007CD67C /* Preview Assets.xcassets */ = {isa = PBXFileReference; lastKnownFileType = folder.assetcatalog; path = "Preview Assets.xcassets"; sourceTree = "<group>"; };
		B8B21E932593A029007CD67C /* Base */ = {isa = PBXFileReference; lastKnownFileType = file.storyboard; name = Base; path = Base.lproj/LaunchScreen.storyboard; sourceTree = "<group>"; };
		B8B21E952593A029007CD67C /* Info.plist */ = {isa = PBXFileReference; lastKnownFileType = text.plist.xml; path = Info.plist; sourceTree = "<group>"; };
		B8B21EA82593AC26007CD67C /* Pod.swift */ = {isa = PBXFileReference; lastKnownFileType = sourcecode.swift; path = Pod.swift; sourceTree = "<group>"; };
		B8B21EB82593CD34007CD67C /* Resolver.swift */ = {isa = PBXFileReference; lastKnownFileType = sourcecode.swift; path = Resolver.swift; sourceTree = "<group>"; };
		B8B33D2A259CD74100E22EC6 /* Category.swift */ = {isa = PBXFileReference; lastKnownFileType = sourcecode.swift; path = Category.swift; sourceTree = "<group>"; };
		B8B33D2D259CDA3300E22EC6 /* CategoryRepository.swift */ = {isa = PBXFileReference; lastKnownFileType = sourcecode.swift; path = CategoryRepository.swift; sourceTree = "<group>"; };
		B8B9EFEC25B49C0400FA5DBF /* BrowseFilter.swift */ = {isa = PBXFileReference; lastKnownFileType = sourcecode.swift; path = BrowseFilter.swift; sourceTree = "<group>"; };
		B8B9EFF325B49F7D00FA5DBF /* FilterView.swift */ = {isa = PBXFileReference; lastKnownFileType = sourcecode.swift; path = FilterView.swift; sourceTree = "<group>"; };
		B8B9F00125B4A2D200FA5DBF /* FilterIntensity.swift */ = {isa = PBXFileReference; lastKnownFileType = sourcecode.swift; path = FilterIntensity.swift; sourceTree = "<group>"; };
		B8C334FE25A79C97007F7394 /* LogActions.swift */ = {isa = PBXFileReference; lastKnownFileType = sourcecode.swift; path = LogActions.swift; sourceTree = "<group>"; };
		B8C3350325A79D3B007F7394 /* LogButton.swift */ = {isa = PBXFileReference; lastKnownFileType = sourcecode.swift; path = LogButton.swift; sourceTree = "<group>"; };
		B8C3905625CB132700C8C058 /* FeaturedTag.swift */ = {isa = PBXFileReference; lastKnownFileType = sourcecode.swift; path = FeaturedTag.swift; sourceTree = "<group>"; };
		B8C3905825CB13CD00C8C058 /* FeaturedButton.swift */ = {isa = PBXFileReference; lastKnownFileType = sourcecode.swift; path = FeaturedButton.swift; sourceTree = "<group>"; };
		B8C3905A25CB171000C8C058 /* ExploreLink.swift */ = {isa = PBXFileReference; lastKnownFileType = sourcecode.swift; path = ExploreLink.swift; sourceTree = "<group>"; };
		B8CC733625A30F50007E59DC /* FavouritesView.swift */ = {isa = PBXFileReference; lastKnownFileType = sourcecode.swift; path = FavouritesView.swift; sourceTree = "<group>"; };
		B8D279312593E18A00C65FAD /* GoogleService-Info.plist */ = {isa = PBXFileReference; fileEncoding = 4; lastKnownFileType = text.plist.xml; path = "GoogleService-Info.plist"; sourceTree = "<group>"; };
		B8D279382593E47100C65FAD /* Color.swift */ = {isa = PBXFileReference; lastKnownFileType = sourcecode.swift; path = Color.swift; sourceTree = "<group>"; };
		B8D279612594B5DC00C65FAD /* PodRepository.swift */ = {isa = PBXFileReference; fileEncoding = 4; lastKnownFileType = sourcecode.swift; path = PodRepository.swift; sourceTree = "<group>"; };
		B8D7682425A07CAC00790F79 /* MailView.swift */ = {isa = PBXFileReference; lastKnownFileType = sourcecode.swift; path = MailView.swift; sourceTree = "<group>"; };
		B8D7682725A08E1000790F79 /* VisualEffectView.swift */ = {isa = PBXFileReference; lastKnownFileType = sourcecode.swift; path = VisualEffectView.swift; sourceTree = "<group>"; };
		B8D7683025A0DEB500790F79 /* PodTag.swift */ = {isa = PBXFileReference; lastKnownFileType = sourcecode.swift; path = PodTag.swift; sourceTree = "<group>"; };
		B8D7683325A0EDB500790F79 /* WelcomeView.swift */ = {isa = PBXFileReference; lastKnownFileType = sourcecode.swift; path = WelcomeView.swift; sourceTree = "<group>"; };
		B8D7683725A1001600790F79 /* WelcomeItem.swift */ = {isa = PBXFileReference; lastKnownFileType = sourcecode.swift; path = WelcomeItem.swift; sourceTree = "<group>"; };
		B8D93CD925A9FB8200E0EC6E /* TrendsCharts.swift */ = {isa = PBXFileReference; lastKnownFileType = sourcecode.swift; path = TrendsCharts.swift; sourceTree = "<group>"; };
		B8D93CDE25AA053400E0EC6E /* Settings.swift */ = {isa = PBXFileReference; lastKnownFileType = sourcecode.swift; path = Settings.swift; sourceTree = "<group>"; };
		B8D93CE225AAFBCE00E0EC6E /* String.swift */ = {isa = PBXFileReference; lastKnownFileType = sourcecode.swift; path = String.swift; sourceTree = "<group>"; };
		B8D93CE625AAFD2A00E0EC6E /* LogEmpty.swift */ = {isa = PBXFileReference; lastKnownFileType = sourcecode.swift; path = LogEmpty.swift; sourceTree = "<group>"; };
		B8D93CEE25AC78AE00E0EC6E /* BrowseRequest.swift */ = {isa = PBXFileReference; lastKnownFileType = sourcecode.swift; path = BrowseRequest.swift; sourceTree = "<group>"; };
		B8D93CF125ACF82600E0EC6E /* PodCaffeine.swift */ = {isa = PBXFileReference; lastKnownFileType = sourcecode.swift; path = PodCaffeine.swift; sourceTree = "<group>"; };
		B8D93CF625AF663700E0EC6E /* PodAmazon.swift */ = {isa = PBXFileReference; lastKnownFileType = sourcecode.swift; path = PodAmazon.swift; sourceTree = "<group>"; };
		B8DA62E925973D0C00074297 /* Pod.entitlements */ = {isa = PBXFileReference; lastKnownFileType = text.plist.entitlements; path = Pod.entitlements; sourceTree = "<group>"; };
		B8DA62EC25973D1A00074297 /* CloudKit.framework */ = {isa = PBXFileReference; lastKnownFileType = wrapper.framework; name = CloudKit.framework; path = System/Library/Frameworks/CloudKit.framework; sourceTree = SDKROOT; };
		B8DA62F025973F1100074297 /* Pod.xcdatamodel */ = {isa = PBXFileReference; lastKnownFileType = wrapper.xcdatamodel; path = Pod.xcdatamodel; sourceTree = "<group>"; };
		B8DA62F42597431000074297 /* CollectionItem.swift */ = {isa = PBXFileReference; lastKnownFileType = sourcecode.swift; path = CollectionItem.swift; sourceTree = "<group>"; };
		B8DC4B61259DF555000EB3C5 /* PodField.swift */ = {isa = PBXFileReference; lastKnownFileType = sourcecode.swift; path = PodField.swift; sourceTree = "<group>"; };
		B8DC4B75259F7883000EB3C5 /* PodDetail.swift */ = {isa = PBXFileReference; lastKnownFileType = sourcecode.swift; path = PodDetail.swift; sourceTree = "<group>"; };
		B8DC4B78259F790C000EB3C5 /* PodTitle.swift */ = {isa = PBXFileReference; lastKnownFileType = sourcecode.swift; path = PodTitle.swift; sourceTree = "<group>"; };
		B8EE27AD25A486AF00E3176F /* PodReport.swift */ = {isa = PBXFileReference; lastKnownFileType = sourcecode.swift; path = PodReport.swift; sourceTree = "<group>"; };
		B8EE27B025A48AC600E3176F /* PodFavourite.swift */ = {isa = PBXFileReference; lastKnownFileType = sourcecode.swift; path = PodFavourite.swift; sourceTree = "<group>"; };
		B8EE27B425A48B2000E3176F /* PodCollection.swift */ = {isa = PBXFileReference; lastKnownFileType = sourcecode.swift; path = PodCollection.swift; sourceTree = "<group>"; };
		B8EE27B825A48BA400E3176F /* PodTags.swift */ = {isa = PBXFileReference; lastKnownFileType = sourcecode.swift; path = PodTags.swift; sourceTree = "<group>"; };
		B8EE27BB25A4906100E3176F /* PodClose.swift */ = {isa = PBXFileReference; lastKnownFileType = sourcecode.swift; path = PodClose.swift; sourceTree = "<group>"; };
		B8EE27C125A493B500E3176F /* FavouritesEmpty.swift */ = {isa = PBXFileReference; lastKnownFileType = sourcecode.swift; path = FavouritesEmpty.swift; sourceTree = "<group>"; };
		B8EE27C625A4941800E3176F /* FavouritesRow.swift */ = {isa = PBXFileReference; lastKnownFileType = sourcecode.swift; path = FavouritesRow.swift; sourceTree = "<group>"; };
		B8EE27CC25A498BA00E3176F /* FSLucasPro-Bold.ttf */ = {isa = PBXFileReference; lastKnownFileType = file; path = "FSLucasPro-Bold.ttf"; sourceTree = "<group>"; };
		B8EE27D325A498BB00E3176F /* FSLucasPro-SemiBd.ttf */ = {isa = PBXFileReference; lastKnownFileType = file; path = "FSLucasPro-SemiBd.ttf"; sourceTree = "<group>"; };
		B8EE27D425A498BB00E3176F /* FSLucasPro-Med.ttf */ = {isa = PBXFileReference; lastKnownFileType = file; path = "FSLucasPro-Med.ttf"; sourceTree = "<group>"; };
		B8EE27F325A4AC8100E3176F /* PodQuantity.swift */ = {isa = PBXFileReference; lastKnownFileType = sourcecode.swift; path = PodQuantity.swift; sourceTree = "<group>"; };
		B8EE27F625A4CEB400E3176F /* LogCTA.swift */ = {isa = PBXFileReference; lastKnownFileType = sourcecode.swift; path = LogCTA.swift; sourceTree = "<group>"; };
		B8EE27F925A4DD9D00E3176F /* UIDevice.swift */ = {isa = PBXFileReference; lastKnownFileType = sourcecode.swift; path = UIDevice.swift; sourceTree = "<group>"; };
		B8F3D2C3259B62C50092744D /* FetchImage.swift */ = {isa = PBXFileReference; lastKnownFileType = sourcecode.swift; path = FetchImage.swift; sourceTree = "<group>"; };
/* End PBXFileReference section */

/* Begin PBXFrameworksBuildPhase section */
		B8B21E812593A028007CD67C /* Frameworks */ = {
			isa = PBXFrameworksBuildPhase;
			buildActionMask = 2147483647;
			files = (
				B8B21EB62593CCF2007CD67C /* Resolver in Frameworks */,
				B8DA62ED25973D1A00074297 /* CloudKit.framework in Frameworks */,
				B842904825B7685E0043C2DE /* FirebaseFirestoreSwift-Beta in Frameworks */,
				B8727ADB25C3580C006B3BE5 /* FirebaseRemoteConfig in Frameworks */,
				B842904E25B7685E0043C2DE /* FirebaseFirestore in Frameworks */,
				B842904625B7685E0043C2DE /* FirebaseAnalytics in Frameworks */,
				B842904C25B7685E0043C2DE /* FirebaseAuth in Frameworks */,
				B8DC4B6E259E17D0000EB3C5 /* Introspect in Frameworks */,
				B8A3265025CD6E730052D05B /* CodeScanner in Frameworks */,
				B842904A25B7685E0043C2DE /* FirebaseStorage in Frameworks */,
				B842905025B7685E0043C2DE /* FirebaseStorageSwift-Beta in Frameworks */,
				B87FFBE525A66BDD00D7EB61 /* HealthKit.framework in Frameworks */,
			);
			runOnlyForDeploymentPostprocessing = 0;
		};
/* End PBXFrameworksBuildPhase section */

/* Begin PBXGroup section */
		B81C85542597547B00979B99 /* Collection */ = {
			isa = PBXGroup;
			children = (
				B8EE27C025A493A400E3176F /* Favourites */,
				B81C85552597549500979B99 /* Collection.swift */,
				B89C7E84259A0FCB0009C797 /* CollectionEmpty.swift */,
				B81C855C2597555000979B99 /* CollectionRow.swift */,
			);
			path = Collection;
			sourceTree = "<group>";
		};
		B8371EA325A9E62A00015714 /* Trends */ = {
			isa = PBXGroup;
			children = (
				B8371EB425A9F1C800015714 /* History */,
				B8371EA425A9E65100015714 /* Trends.swift */,
				B8D93CD925A9FB8200E0EC6E /* TrendsCharts.swift */,
				B8371EAA25A9ECB400015714 /* TrendsEmpty.swift */,
			);
			path = Trends;
			sourceTree = "<group>";
		};
		B8371EB425A9F1C800015714 /* History */ = {
			isa = PBXGroup;
			children = (
				B8371EB525A9F1D300015714 /* TrendsHistory.swift */,
				B8371EB025A9EF9100015714 /* TrendsHistoryRow.swift */,
			);
			path = History;
			sourceTree = "<group>";
		};
		B83DECFD25CCC5CE00C7DC48 /* TopFavourites */ = {
			isa = PBXGroup;
			children = (
				B83DECFE25CCC5E600C7DC48 /* TopFavourites.swift */,
				B83DED0025CCC62D00C7DC48 /* TopFavouritesRow.swift */,
			);
			path = TopFavourites;
			sourceTree = "<group>";
		};
		B842901625B4CB850043C2DE /* FilterCup */ = {
			isa = PBXGroup;
			children = (
				B842901725B4CB8F0043C2DE /* FilterCup.swift */,
				B842901A25B4CC640043C2DE /* FilterCupRow.swift */,
			);
			path = FilterCup;
			sourceTree = "<group>";
		};
		B842902025B4D1C70043C2DE /* FilterDecaffeinated */ = {
			isa = PBXGroup;
			children = (
				B842901D25B4D1C30043C2DE /* FilterDecaffeinated.swift */,
				B842902225B4D2D00043C2DE /* FilterDecaffeinatedRow.swift */,
			);
			path = FilterDecaffeinated;
			sourceTree = "<group>";
		};
		B842902925B4D6590043C2DE /* FilterAvailable */ = {
			isa = PBXGroup;
			children = (
				B842902B25B4D6690043C2DE /* FilterAvailable.swift */,
				B842902F25B4D6730043C2DE /* FilterAvailableRow.swift */,
			);
			path = FilterAvailable;
			sourceTree = "<group>";
		};
		B842903225B4DDF60043C2DE /* FilterRating */ = {
			isa = PBXGroup;
			children = (
				B842903325B4DE100043C2DE /* FilterRating.swift */,
				B842903925B4DFA50043C2DE /* FilterRatingGroup.swift */,
				B842903625B4DE170043C2DE /* FilterRatingRow.swift */,
			);
			path = FilterRating;
			sourceTree = "<group>";
		};
		B84F7C0F25C9EEF300BF81ED /* Featured */ = {
			isa = PBXGroup;
			children = (
				B84F7C1025C9EF0500BF81ED /* Featured.swift */,
				B8C3905825CB13CD00C8C058 /* FeaturedButton.swift */,
				B84F7C1325C9F2BD00BF81ED /* FeaturedGrid.swift */,
				B84F7C1625C9F32700BF81ED /* FeaturedRow.swift */,
				B8C3905625CB132700C8C058 /* FeaturedTag.swift */,
			);
			path = Featured;
			sourceTree = "<group>";
		};
		B872618125D00E1500C6B9C0 /* Plus */ = {
			isa = PBXGroup;
			children = (
				B872618225D00E1D00C6B9C0 /* PlusView.swift */,
			);
			path = Plus;
			sourceTree = "<group>";
		};
		B879477625C5C0E500BC3C22 /* MostPopular */ = {
			isa = PBXGroup;
			children = (
				B879477C25C5CEEF00BC3C22 /* MostPopular.swift */,
				B879477F25C5D0BF00BC3C22 /* MostPopularRow.swift */,
			);
			path = MostPopular;
			sourceTree = "<group>";
		};
		B879478325C6AB8200BC3C22 /* Explore */ = {
			isa = PBXGroup;
			children = (
				B87947A425C6E74C00BC3C22 /* Browse */,
				B84F7C0F25C9EEF300BF81ED /* Featured */,
				B879477625C5C0E500BC3C22 /* MostPopular */,
				B8A3265125CD6F190052D05B /* Scanner */,
				B83DECFD25CCC5CE00C7DC48 /* TopFavourites */,
				B879478425C6AB9700BC3C22 /* Explore.swift */,
				B8C3905A25CB171000C8C058 /* ExploreLink.swift */,
				B879478B25C6B22200BC3C22 /* ExploreLinks.swift */,
			);
			path = Explore;
			sourceTree = "<group>";
		};
		B87947A425C6E74C00BC3C22 /* Browse */ = {
			isa = PBXGroup;
			children = (
				B8B9EFF925B4A13500FA5DBF /* Filter */,
				B87947A525C6E75B00BC3C22 /* Browse.swift */,
				B87947AD25C6EE7B00BC3C22 /* BrowseGrid.swift */,
				B87947AA25C6E96300BC3C22 /* BrowsePicker.swift */,
				B842903E25B6F3420043C2DE /* BrowseRecentlyAdded.swift */,
				B8D93CEE25AC78AE00E0EC6E /* BrowseRequest.swift */,
				B87947B025C6EFCF00BC3C22 /* BrowseRow.swift */,
				B877493425C6F4EE0052B1B7 /* BrowseSection.swift */,
			);
			path = Browse;
			sourceTree = "<group>";
		};
		B87FFBD425A5F8F600D7EB61 /* LogCup */ = {
			isa = PBXGroup;
			children = (
				B87FFBD525A5F90900D7EB61 /* LogCup.swift */,
				B87FFBD925A5F9B100D7EB61 /* LogCupRow.swift */,
			);
			path = LogCup;
			sourceTree = "<group>";
		};
		B87FFBDF25A6306C00D7EB61 /* LogCaffeine */ = {
			isa = PBXGroup;
			children = (
				B87FFBE025A6309000D7EB61 /* LogCaffeine.swift */,
			);
			path = LogCaffeine;
			sourceTree = "<group>";
		};
		B888D0F325A3BAE900F1F0A7 /* Detail */ = {
			isa = PBXGroup;
			children = (
				B8D93CF625AF663700E0EC6E /* PodAmazon.swift */,
				B8D93CF125ACF82600E0EC6E /* PodCaffeine.swift */,
				B8EE27B425A48B2000E3176F /* PodCollection.swift */,
				B8141C6D25A481A200C7DDEA /* PodDescription.swift */,
				B8EE27B025A48AC600E3176F /* PodFavourite.swift */,
				B8141C6425A47FF600C7DDEA /* PodIntensity.swift */,
				B8371E9025A8A67300015714 /* PodIntroduced.swift */,
				B8371E9325A8A6D300015714 /* PodLink.swift */,
				B8371E9F25A9BBAE00015714 /* PodNotes.swift */,
				B888D0F725A47EE000F1F0A7 /* PodOrigin.swift */,
				B8141C6725A4806000C7DDEA /* PodPrice.swift */,
				B8141C6A25A480B500C7DDEA /* PodProfile.swift */,
				B8141C7125A4822A00C7DDEA /* PodRatings.swift */,
				B8EE27AD25A486AF00E3176F /* PodReport.swift */,
				B8EE27B825A48BA400E3176F /* PodTags.swift */,
				B8371E9725A8ABD200015714 /* PodTip.swift */,
				B8EE27F325A4AC8100E3176F /* PodQuantity.swift */,
			);
			path = Detail;
			sourceTree = "<group>";
		};
		B8A3265125CD6F190052D05B /* Scanner */ = {
			isa = PBXGroup;
			children = (
				B8A3265425CDBD9C0052D05B /* ScannerClose.swift */,
				B8A3265225CD6F270052D05B /* ScannerView.swift */,
			);
			path = Scanner;
			sourceTree = "<group>";
		};
		B8AD7A6A25A504D700E31165 /* Log */ = {
			isa = PBXGroup;
			children = (
				B87FFBDF25A6306C00D7EB61 /* LogCaffeine */,
				B87FFBD425A5F8F600D7EB61 /* LogCup */,
				B8AD7A7825A5180400E31165 /* LogPod */,
				B8C334FE25A79C97007F7394 /* LogActions.swift */,
				B8C3350325A79D3B007F7394 /* LogButton.swift */,
				B8EE27F625A4CEB400E3176F /* LogCTA.swift */,
				B8D93CE625AAFD2A00E0EC6E /* LogEmpty.swift */,
				B8AD7A6B25A505E700E31165 /* LogView.swift */,
			);
			path = Log;
			sourceTree = "<group>";
		};
		B8AD7A7825A5180400E31165 /* LogPod */ = {
			isa = PBXGroup;
			children = (
				B8AD7A7325A517E200E31165 /* LogPod.swift */,
				B8AD7A7925A5181100E31165 /* LogPodRow.swift */,
			);
			path = LogPod;
			sourceTree = "<group>";
		};
		B8B21E7B2593A028007CD67C = {
			isa = PBXGroup;
			children = (
				B8B21E862593A028007CD67C /* Pod */,
				B8B21E852593A028007CD67C /* Products */,
				B8DA62EB25973D1A00074297 /* Frameworks */,
			);
			sourceTree = "<group>";
		};
		B8B21E852593A028007CD67C /* Products */ = {
			isa = PBXGroup;
			children = (
				B8B21E842593A028007CD67C /* Pod.app */,
			);
			name = Products;
			sourceTree = "<group>";
		};
		B8B21E862593A028007CD67C /* Pod */ = {
			isa = PBXGroup;
			children = (
				B8D279372593E45800C65FAD /* Extensions */,
				B8F3D2C2259B628C0092744D /* Helpers */,
				B8B21EA72593AC19007CD67C /* Models */,
				B8D279602594B5B900C65FAD /* Repositories */,
				B8B21EBC2593CEAC007CD67C /* ViewModels */,
				B8B21EB32593CC5B007CD67C /* Views */,
				B8B21E8D2593A029007CD67C /* Assets.xcassets */,
				B8B21EB82593CD34007CD67C /* Resolver.swift */,
				B8B21E872593A028007CD67C /* AppDelegate.swift */,
				B8B21E892593A028007CD67C /* SceneDelegate.swift */,
				B8B21E922593A029007CD67C /* LaunchScreen.storyboard */,
				B8D279312593E18A00C65FAD /* GoogleService-Info.plist */,
				B8DA62EF25973F1100074297 /* Pod.xcdatamodeld */,
				B8DA62E925973D0C00074297 /* Pod.entitlements */,
				B8B21E952593A029007CD67C /* Info.plist */,
				B8EE27CA25A4989C00E3176F /* Fonts */,
				B8B21E8F2593A029007CD67C /* Preview Content */,
				B84CDC3725C090C50004A659 /* Localizable.strings */,
			);
			path = Pod;
			sourceTree = "<group>";
		};
		B8B21E8F2593A029007CD67C /* Preview Content */ = {
			isa = PBXGroup;
			children = (
				B8B21E902593A029007CD67C /* Preview Assets.xcassets */,
			);
			path = "Preview Content";
			sourceTree = "<group>";
		};
		B8B21EA72593AC19007CD67C /* Models */ = {
			isa = PBXGroup;
			children = (
				B84ECB44259A316E00B305F7 /* Brand.swift */,
				B8B9EFEC25B49C0400FA5DBF /* BrowseFilter.swift */,
				B8DA62F42597431000074297 /* CollectionItem.swift */,
				B8B33D2A259CD74100E22EC6 /* Category.swift */,
				B84F7C1925C9F6F400BF81ED /* FeaturedConfig.swift */,
				B8371E9B25A9ADA300015714 /* LogItem.swift */,
				B879477325C5BE4800BC3C22 /* MostPopularItem.swift */,
				B8B21EA82593AC26007CD67C /* Pod.swift */,
				B83DECFB25CCC52400C7DC48 /* TopFavouritesItem.swift */,
			);
			path = Models;
			sourceTree = "<group>";
		};
		B8B21EB32593CC5B007CD67C /* Views */ = {
			isa = PBXGroup;
			children = (
				B81C85542597547B00979B99 /* Collection */,
				B879478325C6AB8200BC3C22 /* Explore */,
				B8D76820259FD40200790F79 /* Global */,
				B8D93CDD25AA052B00E0EC6E /* Settings */,
				B8371EA325A9E62A00015714 /* Trends */,
				B8B21E8B2593A028007CD67C /* ContentView.swift */,
			);
			path = Views;
			sourceTree = "<group>";
		};
		B8B21EBC2593CEAC007CD67C /* ViewModels */ = {
			isa = PBXGroup;
			children = (
				B84ECB4B259A325A00B305F7 /* BrowseViewModel.swift */,
				B879478825C6B15600BC3C22 /* ContentViewModel.swift */,
			);
			path = ViewModels;
			sourceTree = "<group>";
		};
		B8B9EFF925B4A13500FA5DBF /* Filter */ = {
			isa = PBXGroup;
			children = (
				B842902925B4D6590043C2DE /* FilterAvailable */,
				B842901625B4CB850043C2DE /* FilterCup */,
				B842902025B4D1C70043C2DE /* FilterDecaffeinated */,
				B8B9F00025B4A2B900FA5DBF /* FilterIntensity */,
				B842903225B4DDF60043C2DE /* FilterRating */,
				B838E45325B4ACE400677917 /* FilterActions.swift */,
				B8B9EFF325B49F7D00FA5DBF /* FilterView.swift */,
			);
			path = Filter;
			sourceTree = "<group>";
		};
		B8B9F00025B4A2B900FA5DBF /* FilterIntensity */ = {
			isa = PBXGroup;
			children = (
				B8B9F00125B4A2D200FA5DBF /* FilterIntensity.swift */,
				B838E45025B4A45B00677917 /* FilterIntensityRow.swift */,
			);
			path = FilterIntensity;
			sourceTree = "<group>";
		};
		B8CDD08225C70CAF007BA82C /* Shared */ = {
			isa = PBXGroup;
			children = (
				B8DC4B61259DF555000EB3C5 /* PodField.swift */,
				B888D0EF25A36FF400F1F0A7 /* PodScale.swift */,
				B8D7683025A0DEB500790F79 /* PodTag.swift */,
			);
			path = Shared;
			sourceTree = "<group>";
		};
		B8D279372593E45800C65FAD /* Extensions */ = {
			isa = PBXGroup;
			children = (
				B87FFBDC25A5FA3300D7EB61 /* Array.swift */,
				B8D279382593E47100C65FAD /* Color.swift */,
				B879478F25C6B40300BC3C22 /* EnvironmentValues.swift */,
				B8D93CE225AAFBCE00E0EC6E /* String.swift */,
				B8EE27F925A4DD9D00E3176F /* UIDevice.swift */,
			);
			path = Extensions;
			sourceTree = "<group>";
		};
		B8D279602594B5B900C65FAD /* Repositories */ = {
			isa = PBXGroup;
			children = (
				B8D279612594B5DC00C65FAD /* PodRepository.swift */,
				B84ECB48259A31DE00B305F7 /* BrandRepository.swift */,
				B8B33D2D259CDA3300E22EC6 /* CategoryRepository.swift */,
			);
			path = Repositories;
			sourceTree = "<group>";
		};
		B8D76820259FD40200790F79 /* Global */ = {
			isa = PBXGroup;
			children = (
				B8AD7A6A25A504D700E31165 /* Log */,
				B872618125D00E1500C6B9C0 /* Plus */,
				B8DC4B5C259DE264000EB3C5 /* Pod */,
				B8D7683625A1000700790F79 /* Welcome */,
				B87AEF302598BA6600D53854 /* Decaffeinated.swift */,
				B8D7682425A07CAC00790F79 /* MailView.swift */,
				B81FA8A8259B8E1000879F24 /* SearchBar.swift */,
				B81FA8AC259B8E7D00879F24 /* ViewControllerResolver.swift */,
				B8D7682725A08E1000790F79 /* VisualEffectView.swift */,
			);
			path = Global;
			sourceTree = "<group>";
		};
		B8D7683625A1000700790F79 /* Welcome */ = {
			isa = PBXGroup;
			children = (
				B8D7683325A0EDB500790F79 /* WelcomeView.swift */,
				B8D7683725A1001600790F79 /* WelcomeItem.swift */,
			);
			path = Welcome;
			sourceTree = "<group>";
		};
		B8D93CDD25AA052B00E0EC6E /* Settings */ = {
			isa = PBXGroup;
			children = (
				B8D93CDE25AA053400E0EC6E /* Settings.swift */,
			);
			path = Settings;
			sourceTree = "<group>";
		};
		B8DA62EB25973D1A00074297 /* Frameworks */ = {
			isa = PBXGroup;
			children = (
				B87FFBE425A66BDD00D7EB61 /* HealthKit.framework */,
				B8DA62EC25973D1A00074297 /* CloudKit.framework */,
			);
			name = Frameworks;
			sourceTree = "<group>";
		};
		B8DC4B5C259DE264000EB3C5 /* Pod */ = {
			isa = PBXGroup;
			children = (
				B8CDD08225C70CAF007BA82C /* Shared */,
				B888D0F325A3BAE900F1F0A7 /* Detail */,
				B8EE27BB25A4906100E3176F /* PodClose.swift */,
				B8DC4B75259F7883000EB3C5 /* PodDetail.swift */,
				B8DC4B78259F790C000EB3C5 /* PodTitle.swift */,
				B879479425C6C61C00BC3C22 /* PodView.swift */,
			);
			path = Pod;
			sourceTree = "<group>";
		};
		B8EE27C025A493A400E3176F /* Favourites */ = {
			isa = PBXGroup;
			children = (
				B8CC733625A30F50007E59DC /* FavouritesView.swift */,
				B8EE27C625A4941800E3176F /* FavouritesRow.swift */,
				B8EE27C125A493B500E3176F /* FavouritesEmpty.swift */,
			);
			path = Favourites;
			sourceTree = "<group>";
		};
		B8EE27CA25A4989C00E3176F /* Fonts */ = {
			isa = PBXGroup;
			children = (
				B8EE27CC25A498BA00E3176F /* FSLucasPro-Bold.ttf */,
				B8EE27D425A498BB00E3176F /* FSLucasPro-Med.ttf */,
				B8EE27D325A498BB00E3176F /* FSLucasPro-SemiBd.ttf */,
			);
			path = Fonts;
			sourceTree = "<group>";
		};
		B8F3D2C2259B628C0092744D /* Helpers */ = {
			isa = PBXGroup;
			children = (
				B842905225B76C1B0043C2DE /* Analytics.swift */,
				B8F3D2C3259B62C50092744D /* FetchImage.swift */,
				B87FFBE625A66DC100D7EB61 /* HealthKit.swift */,
				B8727ADC25C358A1006B3BE5 /* RemoteConfig.swift */,
				B872617F25D0093100C6B9C0 /* StoreManager.swift */,
			);
			path = Helpers;
			sourceTree = "<group>";
		};
/* End PBXGroup section */

/* Begin PBXNativeTarget section */
		B8B21E832593A028007CD67C /* Pod */ = {
			isa = PBXNativeTarget;
			buildConfigurationList = B8B21E982593A029007CD67C /* Build configuration list for PBXNativeTarget "Pod" */;
			buildPhases = (
				B8B21E802593A028007CD67C /* Sources */,
				B8B21E812593A028007CD67C /* Frameworks */,
				B8B21E822593A028007CD67C /* Resources */,
			);
			buildRules = (
			);
			dependencies = (
			);
			name = Pod;
			packageProductDependencies = (
				B8B21EB52593CCF2007CD67C /* Resolver */,
				B8DC4B6D259E17D0000EB3C5 /* Introspect */,
				B842904525B7685E0043C2DE /* FirebaseAnalytics */,
				B842904725B7685E0043C2DE /* FirebaseFirestoreSwift-Beta */,
				B842904925B7685E0043C2DE /* FirebaseStorage */,
				B842904B25B7685E0043C2DE /* FirebaseAuth */,
				B842904D25B7685E0043C2DE /* FirebaseFirestore */,
				B842904F25B7685E0043C2DE /* FirebaseStorageSwift-Beta */,
				B8727ADA25C3580C006B3BE5 /* FirebaseRemoteConfig */,
				B8A3264F25CD6E730052D05B /* CodeScanner */,
			);
			productName = Pod;
			productReference = B8B21E842593A028007CD67C /* Pod.app */;
			productType = "com.apple.product-type.application";
		};
/* End PBXNativeTarget section */

/* Begin PBXProject section */
		B8B21E7C2593A028007CD67C /* Project object */ = {
			isa = PBXProject;
			attributes = {
				LastSwiftUpdateCheck = 1220;
				LastUpgradeCheck = 1220;
				TargetAttributes = {
					B8B21E832593A028007CD67C = {
						CreatedOnToolsVersion = 12.2;
					};
				};
			};
			buildConfigurationList = B8B21E7F2593A028007CD67C /* Build configuration list for PBXProject "Pod" */;
			compatibilityVersion = "Xcode 9.3";
			developmentRegion = en;
			hasScannedForEncodings = 0;
			knownRegions = (
				en,
				Base,
				"en-GB",
			);
			mainGroup = B8B21E7B2593A028007CD67C;
			packageReferences = (
				B8B21EB42593CCF2007CD67C /* XCRemoteSwiftPackageReference "Resolver" */,
				B8DC4B6C259E17D0000EB3C5 /* XCRemoteSwiftPackageReference "SwiftUI-Introspect" */,
				B842904425B7685E0043C2DE /* XCRemoteSwiftPackageReference "firebase-ios-sdk" */,
				B8A3264E25CD6E730052D05B /* XCRemoteSwiftPackageReference "CodeScanner" */,
			);
			productRefGroup = B8B21E852593A028007CD67C /* Products */;
			projectDirPath = "";
			projectRoot = "";
			targets = (
				B8B21E832593A028007CD67C /* Pod */,
			);
		};
/* End PBXProject section */

/* Begin PBXResourcesBuildPhase section */
		B8B21E822593A028007CD67C /* Resources */ = {
			isa = PBXResourcesBuildPhase;
			buildActionMask = 2147483647;
			files = (
				B8EE27E525A498BB00E3176F /* FSLucasPro-SemiBd.ttf in Resources */,
				B8B21E942593A029007CD67C /* LaunchScreen.storyboard in Resources */,
				B8EE27E625A498BB00E3176F /* FSLucasPro-Med.ttf in Resources */,
				B8EE27DE25A498BB00E3176F /* FSLucasPro-Bold.ttf in Resources */,
				B8D279322593E18A00C65FAD /* GoogleService-Info.plist in Resources */,
				B84CDC3525C090C50004A659 /* Localizable.strings in Resources */,
				B8B21E912593A029007CD67C /* Preview Assets.xcassets in Resources */,
				B8B21E8E2593A029007CD67C /* Assets.xcassets in Resources */,
			);
			runOnlyForDeploymentPostprocessing = 0;
		};
/* End PBXResourcesBuildPhase section */

/* Begin PBXSourcesBuildPhase section */
		B8B21E802593A028007CD67C /* Sources */ = {
			isa = PBXSourcesBuildPhase;
			buildActionMask = 2147483647;
			files = (
				B879478C25C6B22200BC3C22 /* ExploreLinks.swift in Sources */,
				B879477425C5BE4800BC3C22 /* MostPopularItem.swift in Sources */,
				B87FFBD625A5F90900D7EB61 /* LogCup.swift in Sources */,
				B8B9EFF425B49F7D00FA5DBF /* FilterView.swift in Sources */,
				B8371E9425A8A6D300015714 /* PodLink.swift in Sources */,
				B8D93CE325AAFBCE00E0EC6E /* String.swift in Sources */,
				B8DC4B62259DF555000EB3C5 /* PodField.swift in Sources */,
				B879479025C6B40300BC3C22 /* EnvironmentValues.swift in Sources */,
				B8D93CE725AAFD2A00E0EC6E /* LogEmpty.swift in Sources */,
				B87AEF312598BA6700D53854 /* Decaffeinated.swift in Sources */,
				B84ECB49259A31DE00B305F7 /* BrandRepository.swift in Sources */,
				B8C3905925CB13CD00C8C058 /* FeaturedButton.swift in Sources */,
				B842905325B76C1B0043C2DE /* Analytics.swift in Sources */,
				B842903A25B4DFA50043C2DE /* FilterRatingGroup.swift in Sources */,
				B838E45425B4ACE400677917 /* FilterActions.swift in Sources */,
				B8EE27B925A48BA400E3176F /* PodTags.swift in Sources */,
				B888D0F825A47EE000F1F0A7 /* PodOrigin.swift in Sources */,
				B87947AB25C6E96300BC3C22 /* BrowsePicker.swift in Sources */,
				B8371E9825A8ABD200015714 /* PodTip.swift in Sources */,
				B84F7C1425C9F2BD00BF81ED /* FeaturedGrid.swift in Sources */,
				B8EE27B125A48AC600E3176F /* PodFavourite.swift in Sources */,
				B8371EAB25A9ECB400015714 /* TrendsEmpty.swift in Sources */,
				B83DED0125CCC62D00C7DC48 /* TopFavouritesRow.swift in Sources */,
				B838E45125B4A45B00677917 /* FilterIntensityRow.swift in Sources */,
				B8AD7A7425A517E200E31165 /* LogPod.swift in Sources */,
				B8EE27C225A493B500E3176F /* FavouritesEmpty.swift in Sources */,
				B872618325D00E1D00C6B9C0 /* PlusView.swift in Sources */,
				B83DECFF25CCC5E600C7DC48 /* TopFavourites.swift in Sources */,
				B8371EB625A9F1D300015714 /* TrendsHistory.swift in Sources */,
				B8D7682825A08E1000790F79 /* VisualEffectView.swift in Sources */,
				B8EE27AE25A486AF00E3176F /* PodReport.swift in Sources */,
				B84F7C1A25C9F6F400BF81ED /* FeaturedConfig.swift in Sources */,
				B81FA8AD259B8E7D00879F24 /* ViewControllerResolver.swift in Sources */,
				B8C3905725CB132700C8C058 /* FeaturedTag.swift in Sources */,
				B842903F25B6F3420043C2DE /* BrowseRecentlyAdded.swift in Sources */,
				B842903425B4DE100043C2DE /* FilterRating.swift in Sources */,
				B84ECB45259A316E00B305F7 /* Brand.swift in Sources */,
				B8B33D2B259CD74100E22EC6 /* Category.swift in Sources */,
				B8A3265525CDBD9C0052D05B /* ScannerClose.swift in Sources */,
				B8B21EB92593CD34007CD67C /* Resolver.swift in Sources */,
				B8D7683125A0DEB500790F79 /* PodTag.swift in Sources */,
				B8A3265325CD6F270052D05B /* ScannerView.swift in Sources */,
				B8727ADD25C358A1006B3BE5 /* RemoteConfig.swift in Sources */,
				B8DA62F52597431000074297 /* CollectionItem.swift in Sources */,
				B8141C6E25A481A300C7DDEA /* PodDescription.swift in Sources */,
				B89C7E85259A0FCB0009C797 /* CollectionEmpty.swift in Sources */,
				B8DC4B76259F7883000EB3C5 /* PodDetail.swift in Sources */,
				B8C3905B25CB171000C8C058 /* ExploreLink.swift in Sources */,
				B87947A625C6E75B00BC3C22 /* Browse.swift in Sources */,
				B8B9F00225B4A2D200FA5DBF /* FilterIntensity.swift in Sources */,
				B81C85562597549500979B99 /* Collection.swift in Sources */,
				B842903025B4D6730043C2DE /* FilterAvailableRow.swift in Sources */,
				B8EE27F425A4AC8100E3176F /* PodQuantity.swift in Sources */,
				B842901E25B4D1C30043C2DE /* FilterDecaffeinated.swift in Sources */,
				B8C334FF25A79C97007F7394 /* LogActions.swift in Sources */,
				B8DC4B79259F790C000EB3C5 /* PodTitle.swift in Sources */,
				B87FFBE725A66DC100D7EB61 /* HealthKit.swift in Sources */,
				B87947B125C6EFCF00BC3C22 /* BrowseRow.swift in Sources */,
				B8371EB125A9EF9100015714 /* TrendsHistoryRow.swift in Sources */,
				B8F3D2C4259B62C50092744D /* FetchImage.swift in Sources */,
				B87FFBDD25A5FA3300D7EB61 /* Array.swift in Sources */,
				B842901825B4CB8F0043C2DE /* FilterCup.swift in Sources */,
				B872618025D0093100C6B9C0 /* StoreManager.swift in Sources */,
				B8141C7225A4822A00C7DDEA /* PodRatings.swift in Sources */,
				B8B33D2E259CDA3300E22EC6 /* CategoryRepository.swift in Sources */,
				B842902325B4D2D00043C2DE /* FilterDecaffeinatedRow.swift in Sources */,
				B8B21EA92593AC26007CD67C /* Pod.swift in Sources */,
				B8371EA525A9E65100015714 /* Trends.swift in Sources */,
				B842901B25B4CC640043C2DE /* FilterCupRow.swift in Sources */,
				B8EE27B525A48B2000E3176F /* PodCollection.swift in Sources */,
				B879477D25C5CEEF00BC3C22 /* MostPopular.swift in Sources */,
				B8B21E882593A028007CD67C /* AppDelegate.swift in Sources */,
				B83DECFC25CCC52400C7DC48 /* TopFavouritesItem.swift in Sources */,
				B8EE27C725A4941800E3176F /* FavouritesRow.swift in Sources */,
				B8D279622594B5DC00C65FAD /* PodRepository.swift in Sources */,
				B8D93CF725AF663800E0EC6E /* PodAmazon.swift in Sources */,
				B84F7C1725C9F32700BF81ED /* FeaturedRow.swift in Sources */,
				B8D93CDA25A9FB8200E0EC6E /* TrendsCharts.swift in Sources */,
				B84F7C1125C9EF0500BF81ED /* Featured.swift in Sources */,
				B8B9EFED25B49C0400FA5DBF /* BrowseFilter.swift in Sources */,
				B8C3350425A79D3B007F7394 /* LogButton.swift in Sources */,
				B879478525C6AB9700BC3C22 /* Explore.swift in Sources */,
				B8DA62F125973F1100074297 /* Pod.xcdatamodeld in Sources */,
				B8AD7A7A25A5181100E31165 /* LogPodRow.swift in Sources */,
				B8D93CDF25AA053400E0EC6E /* Settings.swift in Sources */,
				B8D93CF225ACF82600E0EC6E /* PodCaffeine.swift in Sources */,
				B879478925C6B15600BC3C22 /* ContentViewModel.swift in Sources */,
				B8CC733725A30F50007E59DC /* FavouritesView.swift in Sources */,
				B8141C6B25A480B500C7DDEA /* PodProfile.swift in Sources */,
				B877493525C6F4EE0052B1B7 /* BrowseSection.swift in Sources */,
				B8D7683825A1001600790F79 /* WelcomeItem.swift in Sources */,
				B8EE27F725A4CEB400E3176F /* LogCTA.swift in Sources */,
				B888D0F025A36FF400F1F0A7 /* PodScale.swift in Sources */,
				B8141C6525A47FF600C7DDEA /* PodIntensity.swift in Sources */,
				B8D93CEF25AC78AE00E0EC6E /* BrowseRequest.swift in Sources */,
				B87FFBDA25A5F9B100D7EB61 /* LogCupRow.swift in Sources */,
				B8141C6825A4806000C7DDEA /* PodPrice.swift in Sources */,
				B8AD7A6C25A505E700E31165 /* LogView.swift in Sources */,
				B8371EA025A9BBAE00015714 /* PodNotes.swift in Sources */,
				B81C855D2597555000979B99 /* CollectionRow.swift in Sources */,
				B84ECB4C259A325A00B305F7 /* BrowseViewModel.swift in Sources */,
				B81FA8A9259B8E1000879F24 /* SearchBar.swift in Sources */,
				B842902C25B4D6690043C2DE /* FilterAvailable.swift in Sources */,
				B8371E9125A8A67300015714 /* PodIntroduced.swift in Sources */,
				B8D279392593E47100C65FAD /* Color.swift in Sources */,
				B879479525C6C61C00BC3C22 /* PodView.swift in Sources */,
				B8B21E8A2593A028007CD67C /* SceneDelegate.swift in Sources */,
				B87947AE25C6EE7B00BC3C22 /* BrowseGrid.swift in Sources */,
				B879478025C5D0BF00BC3C22 /* MostPopularRow.swift in Sources */,
				B8D7683425A0EDB600790F79 /* WelcomeView.swift in Sources */,
				B8EE27FA25A4DD9D00E3176F /* UIDevice.swift in Sources */,
				B8371E9C25A9ADA300015714 /* LogItem.swift in Sources */,
				B8B21E8C2593A028007CD67C /* ContentView.swift in Sources */,
				B87FFBE125A6309100D7EB61 /* LogCaffeine.swift in Sources */,
				B842903725B4DE170043C2DE /* FilterRatingRow.swift in Sources */,
				B8EE27BC25A4906100E3176F /* PodClose.swift in Sources */,
				B8D7682525A07CAC00790F79 /* MailView.swift in Sources */,
			);
			runOnlyForDeploymentPostprocessing = 0;
		};
/* End PBXSourcesBuildPhase section */

/* Begin PBXVariantGroup section */
		B84CDC3725C090C50004A659 /* Localizable.strings */ = {
			isa = PBXVariantGroup;
			children = (
				B84CDC3625C090C50004A659 /* en */,
				B84CDC3C25C0918A0004A659 /* en-GB */,
			);
			name = Localizable.strings;
			sourceTree = "<group>";
		};
		B8B21E922593A029007CD67C /* LaunchScreen.storyboard */ = {
			isa = PBXVariantGroup;
			children = (
				B8B21E932593A029007CD67C /* Base */,
			);
			name = LaunchScreen.storyboard;
			sourceTree = "<group>";
		};
/* End PBXVariantGroup section */

/* Begin XCBuildConfiguration section */
		B8B21E962593A029007CD67C /* Debug */ = {
			isa = XCBuildConfiguration;
			buildSettings = {
				ALWAYS_SEARCH_USER_PATHS = NO;
				CLANG_ANALYZER_LOCALIZABILITY_NONLOCALIZED = YES;
				CLANG_ANALYZER_NONNULL = YES;
				CLANG_ANALYZER_NUMBER_OBJECT_CONVERSION = YES_AGGRESSIVE;
				CLANG_CXX_LANGUAGE_STANDARD = "gnu++14";
				CLANG_CXX_LIBRARY = "libc++";
				CLANG_ENABLE_MODULES = YES;
				CLANG_ENABLE_OBJC_ARC = YES;
				CLANG_ENABLE_OBJC_WEAK = YES;
				CLANG_WARN_BLOCK_CAPTURE_AUTORELEASING = YES;
				CLANG_WARN_BOOL_CONVERSION = YES;
				CLANG_WARN_COMMA = YES;
				CLANG_WARN_CONSTANT_CONVERSION = YES;
				CLANG_WARN_DEPRECATED_OBJC_IMPLEMENTATIONS = YES;
				CLANG_WARN_DIRECT_OBJC_ISA_USAGE = YES_ERROR;
				CLANG_WARN_DOCUMENTATION_COMMENTS = YES;
				CLANG_WARN_EMPTY_BODY = YES;
				CLANG_WARN_ENUM_CONVERSION = YES;
				CLANG_WARN_INFINITE_RECURSION = YES;
				CLANG_WARN_INT_CONVERSION = YES;
				CLANG_WARN_NON_LITERAL_NULL_CONVERSION = YES;
				CLANG_WARN_OBJC_IMPLICIT_RETAIN_SELF = YES;
				CLANG_WARN_OBJC_LITERAL_CONVERSION = YES;
				CLANG_WARN_OBJC_ROOT_CLASS = YES_ERROR;
				CLANG_WARN_QUOTED_INCLUDE_IN_FRAMEWORK_HEADER = YES;
				CLANG_WARN_RANGE_LOOP_ANALYSIS = YES;
				CLANG_WARN_STRICT_PROTOTYPES = YES;
				CLANG_WARN_SUSPICIOUS_MOVE = YES;
				CLANG_WARN_UNGUARDED_AVAILABILITY = YES_AGGRESSIVE;
				CLANG_WARN_UNREACHABLE_CODE = YES;
				CLANG_WARN__DUPLICATE_METHOD_MATCH = YES;
				COPY_PHASE_STRIP = NO;
				DEBUG_INFORMATION_FORMAT = dwarf;
				ENABLE_STRICT_OBJC_MSGSEND = YES;
				ENABLE_TESTABILITY = YES;
				GCC_C_LANGUAGE_STANDARD = gnu11;
				GCC_DYNAMIC_NO_PIC = NO;
				GCC_NO_COMMON_BLOCKS = YES;
				GCC_OPTIMIZATION_LEVEL = 0;
				GCC_PREPROCESSOR_DEFINITIONS = (
					"DEBUG=1",
					"$(inherited)",
				);
				GCC_WARN_64_TO_32_BIT_CONVERSION = YES;
				GCC_WARN_ABOUT_RETURN_TYPE = YES_ERROR;
				GCC_WARN_UNDECLARED_SELECTOR = YES;
				GCC_WARN_UNINITIALIZED_AUTOS = YES_AGGRESSIVE;
				GCC_WARN_UNUSED_FUNCTION = YES;
				GCC_WARN_UNUSED_VARIABLE = YES;
				IPHONEOS_DEPLOYMENT_TARGET = 14.2;
				MTL_ENABLE_DEBUG_INFO = INCLUDE_SOURCE;
				MTL_FAST_MATH = YES;
				ONLY_ACTIVE_ARCH = YES;
				OTHER_LDFLAGS = "-ObjC";
				SDKROOT = iphoneos;
				SWIFT_ACTIVE_COMPILATION_CONDITIONS = DEBUG;
				SWIFT_OPTIMIZATION_LEVEL = "-Onone";
			};
			name = Debug;
		};
		B8B21E972593A029007CD67C /* Release */ = {
			isa = XCBuildConfiguration;
			buildSettings = {
				ALWAYS_SEARCH_USER_PATHS = NO;
				CLANG_ANALYZER_LOCALIZABILITY_NONLOCALIZED = YES;
				CLANG_ANALYZER_NONNULL = YES;
				CLANG_ANALYZER_NUMBER_OBJECT_CONVERSION = YES_AGGRESSIVE;
				CLANG_CXX_LANGUAGE_STANDARD = "gnu++14";
				CLANG_CXX_LIBRARY = "libc++";
				CLANG_ENABLE_MODULES = YES;
				CLANG_ENABLE_OBJC_ARC = YES;
				CLANG_ENABLE_OBJC_WEAK = YES;
				CLANG_WARN_BLOCK_CAPTURE_AUTORELEASING = YES;
				CLANG_WARN_BOOL_CONVERSION = YES;
				CLANG_WARN_COMMA = YES;
				CLANG_WARN_CONSTANT_CONVERSION = YES;
				CLANG_WARN_DEPRECATED_OBJC_IMPLEMENTATIONS = YES;
				CLANG_WARN_DIRECT_OBJC_ISA_USAGE = YES_ERROR;
				CLANG_WARN_DOCUMENTATION_COMMENTS = YES;
				CLANG_WARN_EMPTY_BODY = YES;
				CLANG_WARN_ENUM_CONVERSION = YES;
				CLANG_WARN_INFINITE_RECURSION = YES;
				CLANG_WARN_INT_CONVERSION = YES;
				CLANG_WARN_NON_LITERAL_NULL_CONVERSION = YES;
				CLANG_WARN_OBJC_IMPLICIT_RETAIN_SELF = YES;
				CLANG_WARN_OBJC_LITERAL_CONVERSION = YES;
				CLANG_WARN_OBJC_ROOT_CLASS = YES_ERROR;
				CLANG_WARN_QUOTED_INCLUDE_IN_FRAMEWORK_HEADER = YES;
				CLANG_WARN_RANGE_LOOP_ANALYSIS = YES;
				CLANG_WARN_STRICT_PROTOTYPES = YES;
				CLANG_WARN_SUSPICIOUS_MOVE = YES;
				CLANG_WARN_UNGUARDED_AVAILABILITY = YES_AGGRESSIVE;
				CLANG_WARN_UNREACHABLE_CODE = YES;
				CLANG_WARN__DUPLICATE_METHOD_MATCH = YES;
				COPY_PHASE_STRIP = NO;
				DEBUG_INFORMATION_FORMAT = "dwarf-with-dsym";
				ENABLE_NS_ASSERTIONS = NO;
				ENABLE_STRICT_OBJC_MSGSEND = YES;
				GCC_C_LANGUAGE_STANDARD = gnu11;
				GCC_NO_COMMON_BLOCKS = YES;
				GCC_WARN_64_TO_32_BIT_CONVERSION = YES;
				GCC_WARN_ABOUT_RETURN_TYPE = YES_ERROR;
				GCC_WARN_UNDECLARED_SELECTOR = YES;
				GCC_WARN_UNINITIALIZED_AUTOS = YES_AGGRESSIVE;
				GCC_WARN_UNUSED_FUNCTION = YES;
				GCC_WARN_UNUSED_VARIABLE = YES;
				IPHONEOS_DEPLOYMENT_TARGET = 14.2;
				MTL_ENABLE_DEBUG_INFO = NO;
				MTL_FAST_MATH = YES;
				OTHER_LDFLAGS = "-ObjC";
				SDKROOT = iphoneos;
				SWIFT_COMPILATION_MODE = wholemodule;
				SWIFT_OPTIMIZATION_LEVEL = "-O";
				VALIDATE_PRODUCT = YES;
			};
			name = Release;
		};
		B8B21E992593A029007CD67C /* Debug */ = {
			isa = XCBuildConfiguration;
			buildSettings = {
				ASSETCATALOG_COMPILER_APPICON_NAME = AppIcon;
				ASSETCATALOG_COMPILER_GLOBAL_ACCENT_COLOR_NAME = AccentColor;
				CODE_SIGN_ENTITLEMENTS = Pod/Pod.entitlements;
				CODE_SIGN_IDENTITY = "Apple Development";
				CODE_SIGN_STYLE = Automatic;
				CURRENT_PROJECT_VERSION = 1;
				DEVELOPMENT_ASSET_PATHS = "\"Pod/Preview Content\"";
				DEVELOPMENT_TEAM = GPM4PVH4B9;
				ENABLE_BITCODE = NO;
				ENABLE_PREVIEWS = YES;
				INFOPLIST_FILE = Pod/Info.plist;
				LD_RUNPATH_SEARCH_PATHS = (
					"$(inherited)",
					"@executable_path/Frameworks",
				);
				MARKETING_VERSION = 1.6;
				PRODUCT_BUNDLE_IDENTIFIER = uk.co.lukebettridge.pod;
				PRODUCT_NAME = "$(TARGET_NAME)";
				PROVISIONING_PROFILE_SPECIFIER = "";
				SUPPORTS_MACCATALYST = NO;
				SUPPORTS_MAC_DESIGNED_FOR_IPHONE_IPAD = NO;
				SWIFT_VERSION = 5.0;
				TARGETED_DEVICE_FAMILY = 1;
			};
			name = Debug;
		};
		B8B21E9A2593A029007CD67C /* Release */ = {
			isa = XCBuildConfiguration;
			buildSettings = {
				ASSETCATALOG_COMPILER_APPICON_NAME = AppIcon;
				ASSETCATALOG_COMPILER_GLOBAL_ACCENT_COLOR_NAME = AccentColor;
				CODE_SIGN_ENTITLEMENTS = Pod/Pod.entitlements;
				CODE_SIGN_IDENTITY = "Apple Development";
				CODE_SIGN_STYLE = Automatic;
				CURRENT_PROJECT_VERSION = 1;
				DEVELOPMENT_ASSET_PATHS = "\"Pod/Preview Content\"";
				DEVELOPMENT_TEAM = GPM4PVH4B9;
				ENABLE_BITCODE = NO;
				ENABLE_PREVIEWS = YES;
				INFOPLIST_FILE = Pod/Info.plist;
				LD_RUNPATH_SEARCH_PATHS = (
					"$(inherited)",
					"@executable_path/Frameworks",
				);
				MARKETING_VERSION = 1.6;
				PRODUCT_BUNDLE_IDENTIFIER = uk.co.lukebettridge.pod;
				PRODUCT_NAME = "$(TARGET_NAME)";
				PROVISIONING_PROFILE_SPECIFIER = "";
				SUPPORTS_MACCATALYST = NO;
				SUPPORTS_MAC_DESIGNED_FOR_IPHONE_IPAD = NO;
				SWIFT_VERSION = 5.0;
				TARGETED_DEVICE_FAMILY = 1;
			};
			name = Release;
		};
/* End XCBuildConfiguration section */

/* Begin XCConfigurationList section */
		B8B21E7F2593A028007CD67C /* Build configuration list for PBXProject "Pod" */ = {
			isa = XCConfigurationList;
			buildConfigurations = (
				B8B21E962593A029007CD67C /* Debug */,
				B8B21E972593A029007CD67C /* Release */,
			);
			defaultConfigurationIsVisible = 0;
			defaultConfigurationName = Release;
		};
		B8B21E982593A029007CD67C /* Build configuration list for PBXNativeTarget "Pod" */ = {
			isa = XCConfigurationList;
			buildConfigurations = (
				B8B21E992593A029007CD67C /* Debug */,
				B8B21E9A2593A029007CD67C /* Release */,
			);
			defaultConfigurationIsVisible = 0;
			defaultConfigurationName = Release;
		};
/* End XCConfigurationList section */

/* Begin XCRemoteSwiftPackageReference section */
		B842904425B7685E0043C2DE /* XCRemoteSwiftPackageReference "firebase-ios-sdk" */ = {
			isa = XCRemoteSwiftPackageReference;
			repositoryURL = "https://github.com/firebase/firebase-ios-sdk.git";
			requirement = {
				kind = upToNextMajorVersion;
				minimumVersion = 7.4.0;
			};
		};
		B8A3264E25CD6E730052D05B /* XCRemoteSwiftPackageReference "CodeScanner" */ = {
			isa = XCRemoteSwiftPackageReference;
			repositoryURL = "https://github.com/twostraws/CodeScanner";
			requirement = {
				kind = upToNextMajorVersion;
				minimumVersion = 1.0.7;
			};
		};
		B8B21EB42593CCF2007CD67C /* XCRemoteSwiftPackageReference "Resolver" */ = {
			isa = XCRemoteSwiftPackageReference;
			repositoryURL = "https://github.com/hmlongco/Resolver.git";
			requirement = {
				kind = upToNextMajorVersion;
				minimumVersion = 1.2.1;
			};
		};
		B8DC4B6C259E17D0000EB3C5 /* XCRemoteSwiftPackageReference "SwiftUI-Introspect" */ = {
			isa = XCRemoteSwiftPackageReference;
			repositoryURL = "https://github.com/siteline/SwiftUI-Introspect.git";
			requirement = {
				kind = upToNextMajorVersion;
				minimumVersion = 0.1.2;
			};
		};
/* End XCRemoteSwiftPackageReference section */

/* Begin XCSwiftPackageProductDependency section */
		B842904525B7685E0043C2DE /* FirebaseAnalytics */ = {
			isa = XCSwiftPackageProductDependency;
			package = B842904425B7685E0043C2DE /* XCRemoteSwiftPackageReference "firebase-ios-sdk" */;
			productName = FirebaseAnalytics;
		};
		B842904725B7685E0043C2DE /* FirebaseFirestoreSwift-Beta */ = {
			isa = XCSwiftPackageProductDependency;
			package = B842904425B7685E0043C2DE /* XCRemoteSwiftPackageReference "firebase-ios-sdk" */;
			productName = "FirebaseFirestoreSwift-Beta";
		};
		B842904925B7685E0043C2DE /* FirebaseStorage */ = {
			isa = XCSwiftPackageProductDependency;
			package = B842904425B7685E0043C2DE /* XCRemoteSwiftPackageReference "firebase-ios-sdk" */;
			productName = FirebaseStorage;
		};
		B842904B25B7685E0043C2DE /* FirebaseAuth */ = {
			isa = XCSwiftPackageProductDependency;
			package = B842904425B7685E0043C2DE /* XCRemoteSwiftPackageReference "firebase-ios-sdk" */;
			productName = FirebaseAuth;
		};
		B842904D25B7685E0043C2DE /* FirebaseFirestore */ = {
			isa = XCSwiftPackageProductDependency;
			package = B842904425B7685E0043C2DE /* XCRemoteSwiftPackageReference "firebase-ios-sdk" */;
			productName = FirebaseFirestore;
		};
		B842904F25B7685E0043C2DE /* FirebaseStorageSwift-Beta */ = {
			isa = XCSwiftPackageProductDependency;
			package = B842904425B7685E0043C2DE /* XCRemoteSwiftPackageReference "firebase-ios-sdk" */;
			productName = "FirebaseStorageSwift-Beta";
		};
		B8727ADA25C3580C006B3BE5 /* FirebaseRemoteConfig */ = {
			isa = XCSwiftPackageProductDependency;
			package = B842904425B7685E0043C2DE /* XCRemoteSwiftPackageReference "firebase-ios-sdk" */;
			productName = FirebaseRemoteConfig;
		};
		B8A3264F25CD6E730052D05B /* CodeScanner */ = {
			isa = XCSwiftPackageProductDependency;
			package = B8A3264E25CD6E730052D05B /* XCRemoteSwiftPackageReference "CodeScanner" */;
			productName = CodeScanner;
		};
		B8B21EB52593CCF2007CD67C /* Resolver */ = {
			isa = XCSwiftPackageProductDependency;
			package = B8B21EB42593CCF2007CD67C /* XCRemoteSwiftPackageReference "Resolver" */;
			productName = Resolver;
		};
		B8DC4B6D259E17D0000EB3C5 /* Introspect */ = {
			isa = XCSwiftPackageProductDependency;
			package = B8DC4B6C259E17D0000EB3C5 /* XCRemoteSwiftPackageReference "SwiftUI-Introspect" */;
			productName = Introspect;
		};
/* End XCSwiftPackageProductDependency section */

/* Begin XCVersionGroup section */
		B8DA62EF25973F1100074297 /* Pod.xcdatamodeld */ = {
			isa = XCVersionGroup;
			children = (
				B8DA62F025973F1100074297 /* Pod.xcdatamodel */,
			);
			currentVersion = B8DA62F025973F1100074297 /* Pod.xcdatamodel */;
			path = Pod.xcdatamodeld;
			sourceTree = "<group>";
			versionGroupType = wrapper.xcdatamodel;
		};
/* End XCVersionGroup section */
	};
	rootObject = B8B21E7C2593A028007CD67C /* Project object */;
}
